// !$*UTF8*$!
{
	archiveVersion = 1;
	classes = {
	};
	objectVersion = 56;
	objects = {

/* Begin PBXBuildFile section */
		6CCDC2142ABF03AE0020B5E5 /* AppDelegate.swift in Sources */ = {isa = PBXBuildFile; fileRef = 6CCDC2132ABF03AE0020B5E5 /* AppDelegate.swift */; };
		6CCDC2162ABF03AE0020B5E5 /* SceneDelegate.swift in Sources */ = {isa = PBXBuildFile; fileRef = 6CCDC2152ABF03AE0020B5E5 /* SceneDelegate.swift */; };
		6CCDC2182ABF03AE0020B5E5 /* HomeViewController.swift in Sources */ = {isa = PBXBuildFile; fileRef = 6CCDC2172ABF03AE0020B5E5 /* HomeViewController.swift */; };
		6CCDC21B2ABF03AE0020B5E5 /* Main.storyboard in Resources */ = {isa = PBXBuildFile; fileRef = 6CCDC2192ABF03AE0020B5E5 /* Main.storyboard */; };
		6CCDC21D2ABF03AF0020B5E5 /* Assets.xcassets in Resources */ = {isa = PBXBuildFile; fileRef = 6CCDC21C2ABF03AF0020B5E5 /* Assets.xcassets */; };
		6CCDC2202ABF03AF0020B5E5 /* LaunchScreen.storyboard in Resources */ = {isa = PBXBuildFile; fileRef = 6CCDC21E2ABF03AF0020B5E5 /* LaunchScreen.storyboard */; };
		6CCDC2292ABF09190020B5E5 /* SearchViewController.swift in Sources */ = {isa = PBXBuildFile; fileRef = 6CCDC2282ABF09190020B5E5 /* SearchViewController.swift */; };
		6CCDC22B2ABF09280020B5E5 /* FavoriteViewController.swift in Sources */ = {isa = PBXBuildFile; fileRef = 6CCDC22A2ABF09280020B5E5 /* FavoriteViewController.swift */; };
		6CCDC22F2ABF09370020B5E5 /* OrderViewController.swift in Sources */ = {isa = PBXBuildFile; fileRef = 6CCDC22E2ABF09370020B5E5 /* OrderViewController.swift */; };
		6CCDC2312ABF093F0020B5E5 /* MyViewController.swift in Sources */ = {isa = PBXBuildFile; fileRef = 6CCDC2302ABF093F0020B5E5 /* MyViewController.swift */; };
		6CCDC2332ABF0A1E0020B5E5 /* TabController.swift in Sources */ = {isa = PBXBuildFile; fileRef = 6CCDC2322ABF0A1E0020B5E5 /* TabController.swift */; };
/* End PBXBuildFile section */

/* Begin PBXFileReference section */
		6CCDC2102ABF03AE0020B5E5 /* week1-mission.app */ = {isa = PBXFileReference; explicitFileType = wrapper.application; includeInIndex = 0; path = "week1-mission.app"; sourceTree = BUILT_PRODUCTS_DIR; };
		6CCDC2132ABF03AE0020B5E5 /* AppDelegate.swift */ = {isa = PBXFileReference; lastKnownFileType = sourcecode.swift; path = AppDelegate.swift; sourceTree = "<group>"; };
		6CCDC2152ABF03AE0020B5E5 /* SceneDelegate.swift */ = {isa = PBXFileReference; lastKnownFileType = sourcecode.swift; path = SceneDelegate.swift; sourceTree = "<group>"; };
		6CCDC2172ABF03AE0020B5E5 /* HomeViewController.swift */ = {isa = PBXFileReference; lastKnownFileType = sourcecode.swift; path = HomeViewController.swift; sourceTree = "<group>"; };
		6CCDC21A2ABF03AE0020B5E5 /* Base */ = {isa = PBXFileReference; lastKnownFileType = file.storyboard; name = Base; path = Base.lproj/Main.storyboard; sourceTree = "<group>"; };
		6CCDC21C2ABF03AF0020B5E5 /* Assets.xcassets */ = {isa = PBXFileReference; lastKnownFileType = folder.assetcatalog; path = Assets.xcassets; sourceTree = "<group>"; };
		6CCDC21F2ABF03AF0020B5E5 /* Base */ = {isa = PBXFileReference; lastKnownFileType = file.storyboard; name = Base; path = Base.lproj/LaunchScreen.storyboard; sourceTree = "<group>"; };
		6CCDC2212ABF03AF0020B5E5 /* Info.plist */ = {isa = PBXFileReference; lastKnownFileType = text.plist.xml; path = Info.plist; sourceTree = "<group>"; };
		6CCDC2282ABF09190020B5E5 /* SearchViewController.swift */ = {isa = PBXFileReference; lastKnownFileType = sourcecode.swift; path = SearchViewController.swift; sourceTree = "<group>"; };
		6CCDC22A2ABF09280020B5E5 /* FavoriteViewController.swift */ = {isa = PBXFileReference; lastKnownFileType = sourcecode.swift; path = FavoriteViewController.swift; sourceTree = "<group>"; };
		6CCDC22E2ABF09370020B5E5 /* OrderViewController.swift */ = {isa = PBXFileReference; lastKnownFileType = sourcecode.swift; path = OrderViewController.swift; sourceTree = "<group>"; };
		6CCDC2302ABF093F0020B5E5 /* MyViewController.swift */ = {isa = PBXFileReference; lastKnownFileType = sourcecode.swift; path = MyViewController.swift; sourceTree = "<group>"; };
		6CCDC2322ABF0A1E0020B5E5 /* TabController.swift */ = {isa = PBXFileReference; lastKnownFileType = sourcecode.swift; path = TabController.swift; sourceTree = "<group>"; };
/* End PBXFileReference section */

/* Begin PBXFrameworksBuildPhase section */
		6CCDC20D2ABF03AE0020B5E5 /* Frameworks */ = {
			isa = PBXFrameworksBuildPhase;
			buildActionMask = 2147483647;
			files = (
			);
			runOnlyForDeploymentPostprocessing = 0;
		};
/* End PBXFrameworksBuildPhase section */

/* Begin PBXGroup section */
		6CCDC2072ABF03AE0020B5E5 = {
			isa = PBXGroup;
			children = (
				6CCDC2122ABF03AE0020B5E5 /* week1-mission */,
				6CCDC2112ABF03AE0020B5E5 /* Products */,
			);
			sourceTree = "<group>";
		};
		6CCDC2112ABF03AE0020B5E5 /* Products */ = {
			isa = PBXGroup;
			children = (
				6CCDC2102ABF03AE0020B5E5 /* week1-mission.app */,
			);
			name = Products;
			sourceTree = "<group>";
		};
		6CCDC2122ABF03AE0020B5E5 /* week1-mission */ = {
			isa = PBXGroup;
			children = (
				6CCDC2272ABF07700020B5E5 /* Supporting */,
				6CCDC2212ABF03AF0020B5E5 /* Info.plist */,
				6CCDC2282ABF09190020B5E5 /* SearchViewController.swift */,
				6CCDC22A2ABF09280020B5E5 /* FavoriteViewController.swift */,
				6CCDC2172ABF03AE0020B5E5 /* HomeViewController.swift */,
				6CCDC22E2ABF09370020B5E5 /* OrderViewController.swift */,
				6CCDC2302ABF093F0020B5E5 /* MyViewController.swift */,
				6CCDC2322ABF0A1E0020B5E5 /* TabController.swift */,
			);
			path = "week1-mission";
			sourceTree = "<group>";
		};
		6CCDC2272ABF07700020B5E5 /* Supporting */ = {
			isa = PBXGroup;
			children = (
				6CCDC2192ABF03AE0020B5E5 /* Main.storyboard */,
				6CCDC2132ABF03AE0020B5E5 /* AppDelegate.swift */,
				6CCDC2152ABF03AE0020B5E5 /* SceneDelegate.swift */,
				6CCDC21C2ABF03AF0020B5E5 /* Assets.xcassets */,
				6CCDC21E2ABF03AF0020B5E5 /* LaunchScreen.storyboard */,
			);
			path = Supporting;
			sourceTree = "<group>";
		};
/* End PBXGroup section */

/* Begin PBXNativeTarget section */
		6CCDC20F2ABF03AE0020B5E5 /* week1-mission */ = {
			isa = PBXNativeTarget;
			buildConfigurationList = 6CCDC2242ABF03AF0020B5E5 /* Build configuration list for PBXNativeTarget "week1-mission" */;
			buildPhases = (
				6CCDC20C2ABF03AE0020B5E5 /* Sources */,
				6CCDC20D2ABF03AE0020B5E5 /* Frameworks */,
				6CCDC20E2ABF03AE0020B5E5 /* Resources */,
			);
			buildRules = (
			);
			dependencies = (
			);
			name = "week1-mission";
			productName = "week1-study";
			productReference = 6CCDC2102ABF03AE0020B5E5 /* week1-mission.app */;
			productType = "com.apple.product-type.application";
		};
/* End PBXNativeTarget section */

/* Begin PBXProject section */
		6CCDC2082ABF03AE0020B5E5 /* Project object */ = {
			isa = PBXProject;
			attributes = {
				BuildIndependentTargetsInParallel = 1;
				LastSwiftUpdateCheck = 1420;
				LastUpgradeCheck = 1420;
				TargetAttributes = {
					6CCDC20F2ABF03AE0020B5E5 = {
						CreatedOnToolsVersion = 14.2;
					};
				};
			};
			buildConfigurationList = 6CCDC20B2ABF03AE0020B5E5 /* Build configuration list for PBXProject "week1-mission" */;
			compatibilityVersion = "Xcode 14.0";
			developmentRegion = en;
			hasScannedForEncodings = 0;
			knownRegions = (
				en,
				Base,
			);
			mainGroup = 6CCDC2072ABF03AE0020B5E5;
			productRefGroup = 6CCDC2112ABF03AE0020B5E5 /* Products */;
			projectDirPath = "";
			projectRoot = "";
			targets = (
				6CCDC20F2ABF03AE0020B5E5 /* week1-mission */,
			);
		};
/* End PBXProject section */

/* Begin PBXResourcesBuildPhase section */
		6CCDC20E2ABF03AE0020B5E5 /* Resources */ = {
			isa = PBXResourcesBuildPhase;
			buildActionMask = 2147483647;
			files = (
				6CCDC2202ABF03AF0020B5E5 /* LaunchScreen.storyboard in Resources */,
				6CCDC21D2ABF03AF0020B5E5 /* Assets.xcassets in Resources */,
				6CCDC21B2ABF03AE0020B5E5 /* Main.storyboard in Resources */,
			);
			runOnlyForDeploymentPostprocessing = 0;
		};
/* End PBXResourcesBuildPhase section */

/* Begin PBXSourcesBuildPhase section */
		6CCDC20C2ABF03AE0020B5E5 /* Sources */ = {
			isa = PBXSourcesBuildPhase;
			buildActionMask = 2147483647;
			files = (
				6CCDC2182ABF03AE0020B5E5 /* HomeViewController.swift in Sources */,
				6CCDC2332ABF0A1E0020B5E5 /* TabController.swift in Sources */,
				6CCDC2142ABF03AE0020B5E5 /* AppDelegate.swift in Sources */,
				6CCDC2292ABF09190020B5E5 /* SearchViewController.swift in Sources */,
				6CCDC22F2ABF09370020B5E5 /* OrderViewController.swift in Sources */,
				6CCDC2162ABF03AE0020B5E5 /* SceneDelegate.swift in Sources */,
				6CCDC2312ABF093F0020B5E5 /* MyViewController.swift in Sources */,
				6CCDC22B2ABF09280020B5E5 /* FavoriteViewController.swift in Sources */,
			);
			runOnlyForDeploymentPostprocessing = 0;
		};
/* End PBXSourcesBuildPhase section */

/* Begin PBXVariantGroup section */
		6CCDC2192ABF03AE0020B5E5 /* Main.storyboard */ = {
			isa = PBXVariantGroup;
			children = (
				6CCDC21A2ABF03AE0020B5E5 /* Base */,
			);
			name = Main.storyboard;
			sourceTree = "<group>";
		};
		6CCDC21E2ABF03AF0020B5E5 /* LaunchScreen.storyboard */ = {
			isa = PBXVariantGroup;
			children = (
				6CCDC21F2ABF03AF0020B5E5 /* Base */,
			);
			name = LaunchScreen.storyboard;
			sourceTree = "<group>";
		};
/* End PBXVariantGroup section */

/* Begin XCBuildConfiguration section */
		6CCDC2222ABF03AF0020B5E5 /* Debug */ = {
			isa = XCBuildConfiguration;
			buildSettings = {
				ALWAYS_SEARCH_USER_PATHS = NO;
				CLANG_ANALYZER_NONNULL = YES;
				CLANG_ANALYZER_NUMBER_OBJECT_CONVERSION = YES_AGGRESSIVE;
				CLANG_CXX_LANGUAGE_STANDARD = "gnu++20";
				CLANG_ENABLE_MODULES = YES;
				CLANG_ENABLE_OBJC_ARC = YES;
				CLANG_ENABLE_OBJC_WEAK = YES;
				CLANG_WARN_BLOCK_CAPTURE_AUTORELEASING = YES;
				CLANG_WARN_BOOL_CONVERSION = YES;
				CLANG_WARN_COMMA = YES;
				CLANG_WARN_CONSTANT_CONVERSION = YES;
				CLANG_WARN_DEPRECATED_OBJC_IMPLEMENTATIONS = YES;
				CLANG_WARN_DIRECT_OBJC_ISA_USAGE = YES_ERROR;
				CLANG_WARN_DOCUMENTATION_COMMENTS = YES;
				CLANG_WARN_EMPTY_BODY = YES;
				CLANG_WARN_ENUM_CONVERSION = YES;
				CLANG_WARN_INFINITE_RECURSION = YES;
				CLANG_WARN_INT_CONVERSION = YES;
				CLANG_WARN_NON_LITERAL_NULL_CONVERSION = YES;
				CLANG_WARN_OBJC_IMPLICIT_RETAIN_SELF = YES;
				CLANG_WARN_OBJC_LITERAL_CONVERSION = YES;
				CLANG_WARN_OBJC_ROOT_CLASS = YES_ERROR;
				CLANG_WARN_QUOTED_INCLUDE_IN_FRAMEWORK_HEADER = YES;
				CLANG_WARN_RANGE_LOOP_ANALYSIS = YES;
				CLANG_WARN_STRICT_PROTOTYPES = YES;
				CLANG_WARN_SUSPICIOUS_MOVE = YES;
				CLANG_WARN_UNGUARDED_AVAILABILITY = YES_AGGRESSIVE;
				CLANG_WARN_UNREACHABLE_CODE = YES;
				CLANG_WARN__DUPLICATE_METHOD_MATCH = YES;
				COPY_PHASE_STRIP = NO;
				DEBUG_INFORMATION_FORMAT = dwarf;
				ENABLE_STRICT_OBJC_MSGSEND = YES;
				ENABLE_TESTABILITY = YES;
				GCC_C_LANGUAGE_STANDARD = gnu11;
				GCC_DYNAMIC_NO_PIC = NO;
				GCC_NO_COMMON_BLOCKS = YES;
				GCC_OPTIMIZATION_LEVEL = 0;
				GCC_PREPROCESSOR_DEFINITIONS = (
					"DEBUG=1",
					"$(inherited)",
				);
				GCC_WARN_64_TO_32_BIT_CONVERSION = YES;
				GCC_WARN_ABOUT_RETURN_TYPE = YES_ERROR;
				GCC_WARN_UNDECLARED_SELECTOR = YES;
				GCC_WARN_UNINITIALIZED_AUTOS = YES_AGGRESSIVE;
				GCC_WARN_UNUSED_FUNCTION = YES;
				GCC_WARN_UNUSED_VARIABLE = YES;
				IPHONEOS_DEPLOYMENT_TARGET = 16.2;
				MTL_ENABLE_DEBUG_INFO = INCLUDE_SOURCE;
				MTL_FAST_MATH = YES;
				ONLY_ACTIVE_ARCH = YES;
				SDKROOT = iphoneos;
				SWIFT_ACTIVE_COMPILATION_CONDITIONS = DEBUG;
				SWIFT_OPTIMIZATION_LEVEL = "-Onone";
			};
			name = Debug;
		};
		6CCDC2232ABF03AF0020B5E5 /* Release */ = {
			isa = XCBuildConfiguration;
			buildSettings = {
				ALWAYS_SEARCH_USER_PATHS = NO;
				CLANG_ANALYZER_NONNULL = YES;
				CLANG_ANALYZER_NUMBER_OBJECT_CONVERSION = YES_AGGRESSIVE;
				CLANG_CXX_LANGUAGE_STANDARD = "gnu++20";
				CLANG_ENABLE_MODULES = YES;
				CLANG_ENABLE_OBJC_ARC = YES;
				CLANG_ENABLE_OBJC_WEAK = YES;
				CLANG_WARN_BLOCK_CAPTURE_AUTORELEASING = YES;
				CLANG_WARN_BOOL_CONVERSION = YES;
				CLANG_WARN_COMMA = YES;
				CLANG_WARN_CONSTANT_CONVERSION = YES;
				CLANG_WARN_DEPRECATED_OBJC_IMPLEMENTATIONS = YES;
				CLANG_WARN_DIRECT_OBJC_ISA_USAGE = YES_ERROR;
				CLANG_WARN_DOCUMENTATION_COMMENTS = YES;
				CLANG_WARN_EMPTY_BODY = YES;
				CLANG_WARN_ENUM_CONVERSION = YES;
				CLANG_WARN_INFINITE_RECURSION = YES;
				CLANG_WARN_INT_CONVERSION = YES;
				CLANG_WARN_NON_LITERAL_NULL_CONVERSION = YES;
				CLANG_WARN_OBJC_IMPLICIT_RETAIN_SELF = YES;
				CLANG_WARN_OBJC_LITERAL_CONVERSION = YES;
				CLANG_WARN_OBJC_ROOT_CLASS = YES_ERROR;
				CLANG_WARN_QUOTED_INCLUDE_IN_FRAMEWORK_HEADER = YES;
				CLANG_WARN_RANGE_LOOP_ANALYSIS = YES;
				CLANG_WARN_STRICT_PROTOTYPES = YES;
				CLANG_WARN_SUSPICIOUS_MOVE = YES;
				CLANG_WARN_UNGUARDED_AVAILABILITY = YES_AGGRESSIVE;
				CLANG_WARN_UNREACHABLE_CODE = YES;
				CLANG_WARN__DUPLICATE_METHOD_MATCH = YES;
				COPY_PHASE_STRIP = NO;
				DEBUG_INFORMATION_FORMAT = "dwarf-with-dsym";
				ENABLE_NS_ASSERTIONS = NO;
				ENABLE_STRICT_OBJC_MSGSEND = YES;
				GCC_C_LANGUAGE_STANDARD = gnu11;
				GCC_NO_COMMON_BLOCKS = YES;
				GCC_WARN_64_TO_32_BIT_CONVERSION = YES;
				GCC_WARN_ABOUT_RETURN_TYPE = YES_ERROR;
				GCC_WARN_UNDECLARED_SELECTOR = YES;
				GCC_WARN_UNINITIALIZED_AUTOS = YES_AGGRESSIVE;
				GCC_WARN_UNUSED_FUNCTION = YES;
				GCC_WARN_UNUSED_VARIABLE = YES;
				IPHONEOS_DEPLOYMENT_TARGET = 16.2;
				MTL_ENABLE_DEBUG_INFO = NO;
				MTL_FAST_MATH = YES;
				SDKROOT = iphoneos;
				SWIFT_COMPILATION_MODE = wholemodule;
				SWIFT_OPTIMIZATION_LEVEL = "-O";
				VALIDATE_PRODUCT = YES;
			};
			name = Release;
		};
		6CCDC2252ABF03AF0020B5E5 /* Debug */ = {
			isa = XCBuildConfiguration;
			buildSettings = {
				ASSETCATALOG_COMPILER_APPICON_NAME = AppIcon;
				ASSETCATALOG_COMPILER_GLOBAL_ACCENT_COLOR_NAME = AccentColor;
				CODE_SIGN_STYLE = Automatic;
				CURRENT_PROJECT_VERSION = 1;
				DEVELOPMENT_TEAM = 4YH4UGRTMH;
				GENERATE_INFOPLIST_FILE = YES;
				INFOPLIST_FILE = "week1-mission/Info.plist";
				INFOPLIST_KEY_UIApplicationSupportsIndirectInputEvents = YES;
				INFOPLIST_KEY_UILaunchStoryboardName = LaunchScreen;
				INFOPLIST_KEY_UIMainStoryboardFile = Main;
				INFOPLIST_KEY_UISupportedInterfaceOrientations_iPad = "UIInterfaceOrientationPortrait UIInterfaceOrientationPortraitUpsideDown UIInterfaceOrientationLandscapeLeft UIInterfaceOrientationLandscapeRight";
				INFOPLIST_KEY_UISupportedInterfaceOrientations_iPhone = "UIInterfaceOrientationPortrait UIInterfaceOrientationLandscapeLeft UIInterfaceOrientationLandscapeRight";
				LD_RUNPATH_SEARCH_PATHS = (
					"$(inherited)",
					"@executable_path/Frameworks",
				);
				MARKETING_VERSION = 1.0;
				PRODUCT_BUNDLE_IDENTIFIER = "hsb.week1-mission";
				PRODUCT_NAME = "$(TARGET_NAME)";
				SWIFT_EMIT_LOC_STRINGS = YES;
				SWIFT_VERSION = 5.0;
				TARGETED_DEVICE_FAMILY = "1,2";
			};
			name = Debug;
		};
		6CCDC2262ABF03AF0020B5E5 /* Release */ = {
			isa = XCBuildConfiguration;
			buildSettings = {
				ASSETCATALOG_COMPILER_APPICON_NAME = AppIcon;
				ASSETCATALOG_COMPILER_GLOBAL_ACCENT_COLOR_NAME = AccentColor;
				CODE_SIGN_STYLE = Automatic;
				CURRENT_PROJECT_VERSION = 1;
				DEVELOPMENT_TEAM = 4YH4UGRTMH;
				GENERATE_INFOPLIST_FILE = YES;
				INFOPLIST_FILE = "week1-mission/Info.plist";
				INFOPLIST_KEY_UIApplicationSupportsIndirectInputEvents = YES;
				INFOPLIST_KEY_UILaunchStoryboardName = LaunchScreen;
				INFOPLIST_KEY_UIMainStoryboardFile = Main;
				INFOPLIST_KEY_UISupportedInterfaceOrientations_iPad = "UIInterfaceOrientationPortrait UIInterfaceOrientationPortraitUpsideDown UIInterfaceOrientationLandscapeLeft UIInterfaceOrientationLandscapeRight";
				INFOPLIST_KEY_UISupportedInterfaceOrientations_iPhone = "UIInterfaceOrientationPortrait UIInterfaceOrientationLandscapeLeft UIInterfaceOrientationLandscapeRight";
				LD_RUNPATH_SEARCH_PATHS = (
					"$(inherited)",
					"@executable_path/Frameworks",
				);
				MARKETING_VERSION = 1.0;
				PRODUCT_BUNDLE_IDENTIFIER = "hsb.week1-mission";
				PRODUCT_NAME = "$(TARGET_NAME)";
				SWIFT_EMIT_LOC_STRINGS = YES;
				SWIFT_VERSION = 5.0;
				TARGETED_DEVICE_FAMILY = "1,2";
			};
			name = Release;
		};
/* End XCBuildConfiguration section */

/* Begin XCConfigurationList section */
		6CCDC20B2ABF03AE0020B5E5 /* Build configuration list for PBXProject "week1-mission" */ = {
			isa = XCConfigurationList;
			buildConfigurations = (
				6CCDC2222ABF03AF0020B5E5 /* Debug */,
				6CCDC2232ABF03AF0020B5E5 /* Release */,
			);
			defaultConfigurationIsVisible = 0;
			defaultConfigurationName = Release;
		};
		6CCDC2242ABF03AF0020B5E5 /* Build configuration list for PBXNativeTarget "week1-mission" */ = {
			isa = XCConfigurationList;
			buildConfigurations = (
				6CCDC2252ABF03AF0020B5E5 /* Debug */,
				6CCDC2262ABF03AF0020B5E5 /* Release */,
			);
			defaultConfigurationIsVisible = 0;
			defaultConfigurationName = Release;
		};
/* End XCConfigurationList section */
	};
	rootObject = 6CCDC2082ABF03AE0020B5E5 /* Project object */;
}
