// !$*UTF8*$!
{
	archiveVersion = 1;
	classes = {
	};
	objectVersion = 56;
	objects = {

/* Begin PBXBuildFile section */
		3B42C9092AC1B8AE002052F6 /* AppDelegate.swift in Sources */ = {isa = PBXBuildFile; fileRef = 3B42C9082AC1B8AE002052F6 /* AppDelegate.swift */; };
		3B42C90B2AC1B8AE002052F6 /* SceneDelegate.swift in Sources */ = {isa = PBXBuildFile; fileRef = 3B42C90A2AC1B8AE002052F6 /* SceneDelegate.swift */; };
		3B42C90D2AC1B8AE002052F6 /* ViewController.swift in Sources */ = {isa = PBXBuildFile; fileRef = 3B42C90C2AC1B8AE002052F6 /* ViewController.swift */; };
		3B42C9122AC1B8B0002052F6 /* Assets.xcassets in Resources */ = {isa = PBXBuildFile; fileRef = 3B42C9112AC1B8B0002052F6 /* Assets.xcassets */; };
		3B42C9152AC1B8B0002052F6 /* LaunchScreen.storyboard in Resources */ = {isa = PBXBuildFile; fileRef = 3B42C9132AC1B8B0002052F6 /* LaunchScreen.storyboard */; };
		3B584BB42AC1C42800423133 /* Extensions.swift in Sources */ = {isa = PBXBuildFile; fileRef = 3B584BB32AC1C42800423133 /* Extensions.swift */; };
		3B584BB62AC1D91100423133 /* TableViewCell.swift in Sources */ = {isa = PBXBuildFile; fileRef = 3B584BB52AC1D91100423133 /* TableViewCell.swift */; };
		3B584BBE2AC1D9EA00423133 /* SnapKit in Frameworks */ = {isa = PBXBuildFile; productRef = 3B584BBD2AC1D9EA00423133 /* SnapKit */; };
		3B584BC02AC1D9EA00423133 /* SnapKit-Dynamic in Frameworks */ = {isa = PBXBuildFile; productRef = 3B584BBF2AC1D9EA00423133 /* SnapKit-Dynamic */; };
		3B584BC22AC1DB9400423133 /* Product.swift in Sources */ = {isa = PBXBuildFile; fileRef = 3B584BC12AC1DB9400423133 /* Product.swift */; };
		3B584BC42AC3000100423133 /* CollectionViewCell.swift in Sources */ = {isa = PBXBuildFile; fileRef = 3B584BC32AC3000100423133 /* CollectionViewCell.swift */; };
/* End PBXBuildFile section */

/* Begin PBXFileReference section */
		3B42C9052AC1B8AE002052F6 /* SecondWeek_Mission.app */ = {isa = PBXFileReference; explicitFileType = wrapper.application; includeInIndex = 0; path = SecondWeek_Mission.app; sourceTree = BUILT_PRODUCTS_DIR; };
		3B42C9082AC1B8AE002052F6 /* AppDelegate.swift */ = {isa = PBXFileReference; lastKnownFileType = sourcecode.swift; path = AppDelegate.swift; sourceTree = "<group>"; };
		3B42C90A2AC1B8AE002052F6 /* SceneDelegate.swift */ = {isa = PBXFileReference; lastKnownFileType = sourcecode.swift; path = SceneDelegate.swift; sourceTree = "<group>"; };
		3B42C90C2AC1B8AE002052F6 /* ViewController.swift */ = {isa = PBXFileReference; lastKnownFileType = sourcecode.swift; path = ViewController.swift; sourceTree = "<group>"; };
		3B42C9112AC1B8B0002052F6 /* Assets.xcassets */ = {isa = PBXFileReference; lastKnownFileType = folder.assetcatalog; path = Assets.xcassets; sourceTree = "<group>"; };
		3B42C9142AC1B8B0002052F6 /* Base */ = {isa = PBXFileReference; lastKnownFileType = file.storyboard; name = Base; path = Base.lproj/LaunchScreen.storyboard; sourceTree = "<group>"; };
		3B42C9162AC1B8B0002052F6 /* Info.plist */ = {isa = PBXFileReference; lastKnownFileType = text.plist.xml; path = Info.plist; sourceTree = "<group>"; };
		3B584BB32AC1C42800423133 /* Extensions.swift */ = {isa = PBXFileReference; lastKnownFileType = sourcecode.swift; path = Extensions.swift; sourceTree = "<group>"; };
		3B584BB52AC1D91100423133 /* TableViewCell.swift */ = {isa = PBXFileReference; lastKnownFileType = sourcecode.swift; path = TableViewCell.swift; sourceTree = "<group>"; };
		3B584BC12AC1DB9400423133 /* Product.swift */ = {isa = PBXFileReference; lastKnownFileType = sourcecode.swift; path = Product.swift; sourceTree = "<group>"; };
		3B584BC32AC3000100423133 /* CollectionViewCell.swift */ = {isa = PBXFileReference; lastKnownFileType = sourcecode.swift; path = CollectionViewCell.swift; sourceTree = "<group>"; };
/* End PBXFileReference section */

/* Begin PBXFrameworksBuildPhase section */
		3B42C9022AC1B8AE002052F6 /* Frameworks */ = {
			isa = PBXFrameworksBuildPhase;
			buildActionMask = 2147483647;
			files = (
				3B584BBE2AC1D9EA00423133 /* SnapKit in Frameworks */,
				3B584BC02AC1D9EA00423133 /* SnapKit-Dynamic in Frameworks */,
			);
			runOnlyForDeploymentPostprocessing = 0;
		};
/* End PBXFrameworksBuildPhase section */

/* Begin PBXGroup section */
		3B42C8FC2AC1B8AE002052F6 = {
			isa = PBXGroup;
			children = (
				3B42C9072AC1B8AE002052F6 /* SecondWeek_Mission */,
				3B42C9062AC1B8AE002052F6 /* Products */,
			);
			sourceTree = "<group>";
		};
		3B42C9062AC1B8AE002052F6 /* Products */ = {
			isa = PBXGroup;
			children = (
				3B42C9052AC1B8AE002052F6 /* SecondWeek_Mission.app */,
			);
			name = Products;
			sourceTree = "<group>";
		};
		3B42C9072AC1B8AE002052F6 /* SecondWeek_Mission */ = {
			isa = PBXGroup;
			children = (
				3B42C9082AC1B8AE002052F6 /* AppDelegate.swift */,
				3B42C90A2AC1B8AE002052F6 /* SceneDelegate.swift */,
				3B42C90C2AC1B8AE002052F6 /* ViewController.swift */,
				3B584BC12AC1DB9400423133 /* Product.swift */,
				3B584BB52AC1D91100423133 /* TableViewCell.swift */,
				3B584BC32AC3000100423133 /* CollectionViewCell.swift */,
				3B584BB32AC1C42800423133 /* Extensions.swift */,
				3B42C9112AC1B8B0002052F6 /* Assets.xcassets */,
				3B42C9132AC1B8B0002052F6 /* LaunchScreen.storyboard */,
				3B42C9162AC1B8B0002052F6 /* Info.plist */,
			);
			path = SecondWeek_Mission;
			sourceTree = "<group>";
		};
/* End PBXGroup section */

/* Begin PBXNativeTarget section */
		3B42C9042AC1B8AE002052F6 /* SecondWeek_Mission */ = {
			isa = PBXNativeTarget;
			buildConfigurationList = 3B42C9192AC1B8B0002052F6 /* Build configuration list for PBXNativeTarget "SecondWeek_Mission" */;
			buildPhases = (
				3B42C9012AC1B8AE002052F6 /* Sources */,
				3B42C9022AC1B8AE002052F6 /* Frameworks */,
				3B42C9032AC1B8AE002052F6 /* Resources */,
			);
			buildRules = (
			);
			dependencies = (
			);
			name = SecondWeek_Mission;
			packageProductDependencies = (
				3B584BBD2AC1D9EA00423133 /* SnapKit */,
				3B584BBF2AC1D9EA00423133 /* SnapKit-Dynamic */,
			);
			productName = SecondWeek_Mission;
			productReference = 3B42C9052AC1B8AE002052F6 /* SecondWeek_Mission.app */;
			productType = "com.apple.product-type.application";
		};
/* End PBXNativeTarget section */

/* Begin PBXProject section */
		3B42C8FD2AC1B8AE002052F6 /* Project object */ = {
			isa = PBXProject;
			attributes = {
				BuildIndependentTargetsInParallel = 1;
				LastSwiftUpdateCheck = 1500;
				LastUpgradeCheck = 1500;
				TargetAttributes = {
					3B42C9042AC1B8AE002052F6 = {
						CreatedOnToolsVersion = 15.0;
					};
				};
			};
			buildConfigurationList = 3B42C9002AC1B8AE002052F6 /* Build configuration list for PBXProject "SecondWeek_Mission" */;
			compatibilityVersion = "Xcode 14.0";
			developmentRegion = en;
			hasScannedForEncodings = 0;
			knownRegions = (
				en,
				Base,
			);
			mainGroup = 3B42C8FC2AC1B8AE002052F6;
			packageReferences = (
				3B584BBC2AC1D9EA00423133 /* XCRemoteSwiftPackageReference "SnapKit" */,
			);
			productRefGroup = 3B42C9062AC1B8AE002052F6 /* Products */;
			projectDirPath = "";
			projectRoot = "";
			targets = (
				3B42C9042AC1B8AE002052F6 /* SecondWeek_Mission */,
			);
		};
/* End PBXProject section */

/* Begin PBXResourcesBuildPhase section */
		3B42C9032AC1B8AE002052F6 /* Resources */ = {
			isa = PBXResourcesBuildPhase;
			buildActionMask = 2147483647;
			files = (
				3B42C9152AC1B8B0002052F6 /* LaunchScreen.storyboard in Resources */,
				3B42C9122AC1B8B0002052F6 /* Assets.xcassets in Resources */,
			);
			runOnlyForDeploymentPostprocessing = 0;
		};
/* End PBXResourcesBuildPhase section */

/* Begin PBXSourcesBuildPhase section */
		3B42C9012AC1B8AE002052F6 /* Sources */ = {
			isa = PBXSourcesBuildPhase;
			buildActionMask = 2147483647;
			files = (
				3B584BB62AC1D91100423133 /* TableViewCell.swift in Sources */,
				3B584BB42AC1C42800423133 /* Extensions.swift in Sources */,
				3B42C90D2AC1B8AE002052F6 /* ViewController.swift in Sources */,
				3B584BC42AC3000100423133 /* CollectionViewCell.swift in Sources */,
				3B42C9092AC1B8AE002052F6 /* AppDelegate.swift in Sources */,
				3B42C90B2AC1B8AE002052F6 /* SceneDelegate.swift in Sources */,
				3B584BC22AC1DB9400423133 /* Product.swift in Sources */,
			);
			runOnlyForDeploymentPostprocessing = 0;
		};
/* End PBXSourcesBuildPhase section */

/* Begin PBXVariantGroup section */
		3B42C9132AC1B8B0002052F6 /* LaunchScreen.storyboard */ = {
			isa = PBXVariantGroup;
			children = (
				3B42C9142AC1B8B0002052F6 /* Base */,
			);
			name = LaunchScreen.storyboard;
			sourceTree = "<group>";
		};
/* End PBXVariantGroup section */

/* Begin XCBuildConfiguration section */
		3B42C9172AC1B8B0002052F6 /* Debug */ = {
			isa = XCBuildConfiguration;
			buildSettings = {
				ALWAYS_SEARCH_USER_PATHS = NO;
				ASSETCATALOG_COMPILER_GENERATE_SWIFT_ASSET_SYMBOL_EXTENSIONS = YES;
				CLANG_ANALYZER_NONNULL = YES;
				CLANG_ANALYZER_NUMBER_OBJECT_CONVERSION = YES_AGGRESSIVE;
				CLANG_CXX_LANGUAGE_STANDARD = "gnu++20";
				CLANG_ENABLE_MODULES = YES;
				CLANG_ENABLE_OBJC_ARC = YES;
				CLANG_ENABLE_OBJC_WEAK = YES;
				CLANG_WARN_BLOCK_CAPTURE_AUTORELEASING = YES;
				CLANG_WARN_BOOL_CONVERSION = YES;
				CLANG_WARN_COMMA = YES;
				CLANG_WARN_CONSTANT_CONVERSION = YES;
				CLANG_WARN_DEPRECATED_OBJC_IMPLEMENTATIONS = YES;
				CLANG_WARN_DIRECT_OBJC_ISA_USAGE = YES_ERROR;
				CLANG_WARN_DOCUMENTATION_COMMENTS = YES;
				CLANG_WARN_EMPTY_BODY = YES;
				CLANG_WARN_ENUM_CONVERSION = YES;
				CLANG_WARN_INFINITE_RECURSION = YES;
				CLANG_WARN_INT_CONVERSION = YES;
				CLANG_WARN_NON_LITERAL_NULL_CONVERSION = YES;
				CLANG_WARN_OBJC_IMPLICIT_RETAIN_SELF = YES;
				CLANG_WARN_OBJC_LITERAL_CONVERSION = YES;
				CLANG_WARN_OBJC_ROOT_CLASS = YES_ERROR;
				CLANG_WARN_QUOTED_INCLUDE_IN_FRAMEWORK_HEADER = YES;
				CLANG_WARN_RANGE_LOOP_ANALYSIS = YES;
				CLANG_WARN_STRICT_PROTOTYPES = YES;
				CLANG_WARN_SUSPICIOUS_MOVE = YES;
				CLANG_WARN_UNGUARDED_AVAILABILITY = YES_AGGRESSIVE;
				CLANG_WARN_UNREACHABLE_CODE = YES;
				CLANG_WARN__DUPLICATE_METHOD_MATCH = YES;
				COPY_PHASE_STRIP = NO;
				DEBUG_INFORMATION_FORMAT = dwarf;
				ENABLE_STRICT_OBJC_MSGSEND = YES;
				ENABLE_TESTABILITY = YES;
				ENABLE_USER_SCRIPT_SANDBOXING = YES;
				GCC_C_LANGUAGE_STANDARD = gnu17;
				GCC_DYNAMIC_NO_PIC = NO;
				GCC_NO_COMMON_BLOCKS = YES;
				GCC_OPTIMIZATION_LEVEL = 0;
				GCC_PREPROCESSOR_DEFINITIONS = (
					"DEBUG=1",
					"$(inherited)",
				);
				GCC_WARN_64_TO_32_BIT_CONVERSION = YES;
				GCC_WARN_ABOUT_RETURN_TYPE = YES_ERROR;
				GCC_WARN_UNDECLARED_SELECTOR = YES;
				GCC_WARN_UNINITIALIZED_AUTOS = YES_AGGRESSIVE;
				GCC_WARN_UNUSED_FUNCTION = YES;
				GCC_WARN_UNUSED_VARIABLE = YES;
				IPHONEOS_DEPLOYMENT_TARGET = 17.0;
				LOCALIZATION_PREFERS_STRING_CATALOGS = YES;
				MTL_ENABLE_DEBUG_INFO = INCLUDE_SOURCE;
				MTL_FAST_MATH = YES;
				ONLY_ACTIVE_ARCH = YES;
				SDKROOT = iphoneos;
				SWIFT_ACTIVE_COMPILATION_CONDITIONS = "DEBUG $(inherited)";
				SWIFT_OPTIMIZATION_LEVEL = "-Onone";
			};
			name = Debug;
		};
		3B42C9182AC1B8B0002052F6 /* Release */ = {
			isa = XCBuildConfiguration;
			buildSettings = {
				ALWAYS_SEARCH_USER_PATHS = NO;
				ASSETCATALOG_COMPILER_GENERATE_SWIFT_ASSET_SYMBOL_EXTENSIONS = YES;
				CLANG_ANALYZER_NONNULL = YES;
				CLANG_ANALYZER_NUMBER_OBJECT_CONVERSION = YES_AGGRESSIVE;
				CLANG_CXX_LANGUAGE_STANDARD = "gnu++20";
				CLANG_ENABLE_MODULES = YES;
				CLANG_ENABLE_OBJC_ARC = YES;
				CLANG_ENABLE_OBJC_WEAK = YES;
				CLANG_WARN_BLOCK_CAPTURE_AUTORELEASING = YES;
				CLANG_WARN_BOOL_CONVERSION = YES;
				CLANG_WARN_COMMA = YES;
				CLANG_WARN_CONSTANT_CONVERSION = YES;
				CLANG_WARN_DEPRECATED_OBJC_IMPLEMENTATIONS = YES;
				CLANG_WARN_DIRECT_OBJC_ISA_USAGE = YES_ERROR;
				CLANG_WARN_DOCUMENTATION_COMMENTS = YES;
				CLANG_WARN_EMPTY_BODY = YES;
				CLANG_WARN_ENUM_CONVERSION = YES;
				CLANG_WARN_INFINITE_RECURSION = YES;
				CLANG_WARN_INT_CONVERSION = YES;
				CLANG_WARN_NON_LITERAL_NULL_CONVERSION = YES;
				CLANG_WARN_OBJC_IMPLICIT_RETAIN_SELF = YES;
				CLANG_WARN_OBJC_LITERAL_CONVERSION = YES;
				CLANG_WARN_OBJC_ROOT_CLASS = YES_ERROR;
				CLANG_WARN_QUOTED_INCLUDE_IN_FRAMEWORK_HEADER = YES;
				CLANG_WARN_RANGE_LOOP_ANALYSIS = YES;
				CLANG_WARN_STRICT_PROTOTYPES = YES;
				CLANG_WARN_SUSPICIOUS_MOVE = YES;
				CLANG_WARN_UNGUARDED_AVAILABILITY = YES_AGGRESSIVE;
				CLANG_WARN_UNREACHABLE_CODE = YES;
				CLANG_WARN__DUPLICATE_METHOD_MATCH = YES;
				COPY_PHASE_STRIP = NO;
				DEBUG_INFORMATION_FORMAT = "dwarf-with-dsym";
				ENABLE_NS_ASSERTIONS = NO;
				ENABLE_STRICT_OBJC_MSGSEND = YES;
				ENABLE_USER_SCRIPT_SANDBOXING = YES;
				GCC_C_LANGUAGE_STANDARD = gnu17;
				GCC_NO_COMMON_BLOCKS = YES;
				GCC_WARN_64_TO_32_BIT_CONVERSION = YES;
				GCC_WARN_ABOUT_RETURN_TYPE = YES_ERROR;
				GCC_WARN_UNDECLARED_SELECTOR = YES;
				GCC_WARN_UNINITIALIZED_AUTOS = YES_AGGRESSIVE;
				GCC_WARN_UNUSED_FUNCTION = YES;
				GCC_WARN_UNUSED_VARIABLE = YES;
				IPHONEOS_DEPLOYMENT_TARGET = 17.0;
				LOCALIZATION_PREFERS_STRING_CATALOGS = YES;
				MTL_ENABLE_DEBUG_INFO = NO;
				MTL_FAST_MATH = YES;
				SDKROOT = iphoneos;
				SWIFT_COMPILATION_MODE = wholemodule;
				VALIDATE_PRODUCT = YES;
			};
			name = Release;
		};
		3B42C91A2AC1B8B0002052F6 /* Debug */ = {
			isa = XCBuildConfiguration;
			buildSettings = {
				ASSETCATALOG_COMPILER_APPICON_NAME = AppIcon;
				ASSETCATALOG_COMPILER_GLOBAL_ACCENT_COLOR_NAME = AccentColor;
				CODE_SIGN_STYLE = Automatic;
				CURRENT_PROJECT_VERSION = 1;
				DEVELOPMENT_TEAM = SN5J3DYFX4;
				GENERATE_INFOPLIST_FILE = YES;
				INFOPLIST_FILE = SecondWeek_Mission/Info.plist;
				INFOPLIST_KEY_UIApplicationSupportsIndirectInputEvents = YES;
				INFOPLIST_KEY_UILaunchStoryboardName = LaunchScreen;
				INFOPLIST_KEY_UISupportedInterfaceOrientations_iPad = "UIInterfaceOrientationPortrait UIInterfaceOrientationPortraitUpsideDown UIInterfaceOrientationLandscapeLeft UIInterfaceOrientationLandscapeRight";
				INFOPLIST_KEY_UISupportedInterfaceOrientations_iPhone = "UIInterfaceOrientationPortrait UIInterfaceOrientationLandscapeLeft UIInterfaceOrientationLandscapeRight";
				LD_RUNPATH_SEARCH_PATHS = (
					"$(inherited)",
					"@executable_path/Frameworks",
				);
				MARKETING_VERSION = 1.0;
				PRODUCT_BUNDLE_IDENTIFIER = "JJ.SecondWeek-Mission";
				PRODUCT_NAME = "$(TARGET_NAME)";
				SUPPORTED_PLATFORMS = "iphoneos iphonesimulator";
				SUPPORTS_MACCATALYST = NO;
				SUPPORTS_MAC_DESIGNED_FOR_IPHONE_IPAD = NO;
				SWIFT_EMIT_LOC_STRINGS = YES;
				SWIFT_VERSION = 5.0;
				TARGETED_DEVICE_FAMILY = 1;
			};
			name = Debug;
		};
		3B42C91B2AC1B8B0002052F6 /* Release */ = {
			isa = XCBuildConfiguration;
			buildSettings = {
				ASSETCATALOG_COMPILER_APPICON_NAME = AppIcon;
				ASSETCATALOG_COMPILER_GLOBAL_ACCENT_COLOR_NAME = AccentColor;
				CODE_SIGN_STYLE = Automatic;
				CURRENT_PROJECT_VERSION = 1;
				DEVELOPMENT_TEAM = SN5J3DYFX4;
				GENERATE_INFOPLIST_FILE = YES;
				INFOPLIST_FILE = SecondWeek_Mission/Info.plist;
				INFOPLIST_KEY_UIApplicationSupportsIndirectInputEvents = YES;
				INFOPLIST_KEY_UILaunchStoryboardName = LaunchScreen;
				INFOPLIST_KEY_UISupportedInterfaceOrientations_iPad = "UIInterfaceOrientationPortrait UIInterfaceOrientationPortraitUpsideDown UIInterfaceOrientationLandscapeLeft UIInterfaceOrientationLandscapeRight";
				INFOPLIST_KEY_UISupportedInterfaceOrientations_iPhone = "UIInterfaceOrientationPortrait UIInterfaceOrientationLandscapeLeft UIInterfaceOrientationLandscapeRight";
				LD_RUNPATH_SEARCH_PATHS = (
					"$(inherited)",
					"@executable_path/Frameworks",
				);
				MARKETING_VERSION = 1.0;
				PRODUCT_BUNDLE_IDENTIFIER = "JJ.SecondWeek-Mission";
				PRODUCT_NAME = "$(TARGET_NAME)";
				SUPPORTED_PLATFORMS = "iphoneos iphonesimulator";
				SUPPORTS_MACCATALYST = NO;
				SUPPORTS_MAC_DESIGNED_FOR_IPHONE_IPAD = NO;
				SWIFT_EMIT_LOC_STRINGS = YES;
				SWIFT_VERSION = 5.0;
				TARGETED_DEVICE_FAMILY = 1;
			};
			name = Release;
		};
/* End XCBuildConfiguration section */

/* Begin XCConfigurationList section */
		3B42C9002AC1B8AE002052F6 /* Build configuration list for PBXProject "SecondWeek_Mission" */ = {
			isa = XCConfigurationList;
			buildConfigurations = (
				3B42C9172AC1B8B0002052F6 /* Debug */,
				3B42C9182AC1B8B0002052F6 /* Release */,
			);
			defaultConfigurationIsVisible = 0;
			defaultConfigurationName = Release;
		};
		3B42C9192AC1B8B0002052F6 /* Build configuration list for PBXNativeTarget "SecondWeek_Mission" */ = {
			isa = XCConfigurationList;
			buildConfigurations = (
				3B42C91A2AC1B8B0002052F6 /* Debug */,
				3B42C91B2AC1B8B0002052F6 /* Release */,
			);
			defaultConfigurationIsVisible = 0;
			defaultConfigurationName = Release;
		};
/* End XCConfigurationList section */

/* Begin XCRemoteSwiftPackageReference section */
		3B584BBC2AC1D9EA00423133 /* XCRemoteSwiftPackageReference "SnapKit" */ = {
			isa = XCRemoteSwiftPackageReference;
			repositoryURL = "https://github.com/SnapKit/SnapKit.git";
			requirement = {
				kind = upToNextMajorVersion;
				minimumVersion = 5.6.0;
			};
		};
/* End XCRemoteSwiftPackageReference section */

/* Begin XCSwiftPackageProductDependency section */
		3B584BBD2AC1D9EA00423133 /* SnapKit */ = {
			isa = XCSwiftPackageProductDependency;
			package = 3B584BBC2AC1D9EA00423133 /* XCRemoteSwiftPackageReference "SnapKit" */;
			productName = SnapKit;
		};
		3B584BBF2AC1D9EA00423133 /* SnapKit-Dynamic */ = {
			isa = XCSwiftPackageProductDependency;
			package = 3B584BBC2AC1D9EA00423133 /* XCRemoteSwiftPackageReference "SnapKit" */;
			productName = "SnapKit-Dynamic";
		};
/* End XCSwiftPackageProductDependency section */
	};
	rootObject = 3B42C8FD2AC1B8AE002052F6 /* Project object */;
}
