// !$*UTF8*$!
{
	archiveVersion = 1;
	classes = {
	};
	objectVersion = 56;
	objects = {

/* Begin PBXBuildFile section */
		3B1554C629AF3D9300096155 /* AppDelegate.swift in Sources */ = {isa = PBXBuildFile; fileRef = 3B1554C529AF3D9300096155 /* AppDelegate.swift */; };
		3B1554C829AF3D9300096155 /* SceneDelegate.swift in Sources */ = {isa = PBXBuildFile; fileRef = 3B1554C729AF3D9300096155 /* SceneDelegate.swift */; };
		3B1554CA29AF3D9300096155 /* ViewController.swift in Sources */ = {isa = PBXBuildFile; fileRef = 3B1554C929AF3D9300096155 /* ViewController.swift */; };
		3B1554CD29AF3D9300096155 /* Main.storyboard in Resources */ = {isa = PBXBuildFile; fileRef = 3B1554CB29AF3D9300096155 /* Main.storyboard */; };
		3B1554CF29AF3D9400096155 /* Assets.xcassets in Resources */ = {isa = PBXBuildFile; fileRef = 3B1554CE29AF3D9400096155 /* Assets.xcassets */; };
		3B1554D229AF3D9400096155 /* LaunchScreen.storyboard in Resources */ = {isa = PBXBuildFile; fileRef = 3B1554D029AF3D9400096155 /* LaunchScreen.storyboard */; };
		3B1554E029AF3DC800096155 /* ExampleTests.swift in Sources */ = {isa = PBXBuildFile; fileRef = 3B1554DF29AF3DC800096155 /* ExampleTests.swift */; };
		3B584BC82AC32EEE00423133 /* Calculator.swift in Sources */ = {isa = PBXBuildFile; fileRef = 3B584BC52AC32ED900423133 /* Calculator.swift */; };
		3B584BCA2AC32F4600423133 /* UnitTestCalc.swift in Sources */ = {isa = PBXBuildFile; fileRef = 3B584BC92AC32F4600423133 /* UnitTestCalc.swift */; };
/* End PBXBuildFile section */

/* Begin PBXContainerItemProxy section */
		3B1554E129AF3DC800096155 /* PBXContainerItemProxy */ = {
			isa = PBXContainerItemProxy;
			containerPortal = 3B1554BA29AF3D9300096155 /* Project object */;
			proxyType = 1;
			remoteGlobalIDString = 3B1554C129AF3D9300096155;
			remoteInfo = TestCodePrac1;
		};
/* End PBXContainerItemProxy section */

/* Begin PBXFileReference section */
		3B1554C229AF3D9300096155 /* TestCodePrac1.app */ = {isa = PBXFileReference; explicitFileType = wrapper.application; includeInIndex = 0; path = TestCodePrac1.app; sourceTree = BUILT_PRODUCTS_DIR; };
		3B1554C529AF3D9300096155 /* AppDelegate.swift */ = {isa = PBXFileReference; lastKnownFileType = sourcecode.swift; path = AppDelegate.swift; sourceTree = "<group>"; };
		3B1554C729AF3D9300096155 /* SceneDelegate.swift */ = {isa = PBXFileReference; lastKnownFileType = sourcecode.swift; path = SceneDelegate.swift; sourceTree = "<group>"; };
		3B1554C929AF3D9300096155 /* ViewController.swift */ = {isa = PBXFileReference; lastKnownFileType = sourcecode.swift; path = ViewController.swift; sourceTree = "<group>"; };
		3B1554CC29AF3D9300096155 /* Base */ = {isa = PBXFileReference; lastKnownFileType = file.storyboard; name = Base; path = Base.lproj/Main.storyboard; sourceTree = "<group>"; };
		3B1554CE29AF3D9400096155 /* Assets.xcassets */ = {isa = PBXFileReference; lastKnownFileType = folder.assetcatalog; path = Assets.xcassets; sourceTree = "<group>"; };
		3B1554D129AF3D9400096155 /* Base */ = {isa = PBXFileReference; lastKnownFileType = file.storyboard; name = Base; path = Base.lproj/LaunchScreen.storyboard; sourceTree = "<group>"; };
		3B1554D329AF3D9400096155 /* Info.plist */ = {isa = PBXFileReference; lastKnownFileType = text.plist.xml; path = Info.plist; sourceTree = "<group>"; };
		3B1554DD29AF3DC800096155 /* ExampleTests.xctest */ = {isa = PBXFileReference; explicitFileType = wrapper.cfbundle; includeInIndex = 0; path = ExampleTests.xctest; sourceTree = BUILT_PRODUCTS_DIR; };
		3B1554DF29AF3DC800096155 /* ExampleTests.swift */ = {isa = PBXFileReference; lastKnownFileType = sourcecode.swift; path = ExampleTests.swift; sourceTree = "<group>"; };
		3B584BC52AC32ED900423133 /* Calculator.swift */ = {isa = PBXFileReference; lastKnownFileType = sourcecode.swift; path = Calculator.swift; sourceTree = "<group>"; };
		3B584BC92AC32F4600423133 /* UnitTestCalc.swift */ = {isa = PBXFileReference; lastKnownFileType = sourcecode.swift; path = UnitTestCalc.swift; sourceTree = "<group>"; };
/* End PBXFileReference section */

/* Begin PBXFrameworksBuildPhase section */
		3B1554BF29AF3D9300096155 /* Frameworks */ = {
			isa = PBXFrameworksBuildPhase;
			buildActionMask = 2147483647;
			files = (
			);
			runOnlyForDeploymentPostprocessing = 0;
		};
		3B1554DA29AF3DC800096155 /* Frameworks */ = {
			isa = PBXFrameworksBuildPhase;
			buildActionMask = 2147483647;
			files = (
			);
			runOnlyForDeploymentPostprocessing = 0;
		};
/* End PBXFrameworksBuildPhase section */

/* Begin PBXGroup section */
		3B1554B929AF3D9300096155 = {
			isa = PBXGroup;
			children = (
				3B1554C429AF3D9300096155 /* TestCodePrac1 */,
				3B1554DE29AF3DC800096155 /* ExampleTests */,
				3B1554C329AF3D9300096155 /* Products */,
			);
			sourceTree = "<group>";
		};
		3B1554C329AF3D9300096155 /* Products */ = {
			isa = PBXGroup;
			children = (
				3B1554C229AF3D9300096155 /* TestCodePrac1.app */,
				3B1554DD29AF3DC800096155 /* ExampleTests.xctest */,
			);
			name = Products;
			sourceTree = "<group>";
		};
		3B1554C429AF3D9300096155 /* TestCodePrac1 */ = {
			isa = PBXGroup;
			children = (
				3B1554C529AF3D9300096155 /* AppDelegate.swift */,
				3B1554C729AF3D9300096155 /* SceneDelegate.swift */,
				3B1554C929AF3D9300096155 /* ViewController.swift */,
				3B1554CB29AF3D9300096155 /* Main.storyboard */,
				3B1554CE29AF3D9400096155 /* Assets.xcassets */,
				3B1554D029AF3D9400096155 /* LaunchScreen.storyboard */,
				3B584BC52AC32ED900423133 /* Calculator.swift */,
				3B1554D329AF3D9400096155 /* Info.plist */,
			);
			path = TestCodePrac1;
			sourceTree = "<group>";
		};
		3B1554DE29AF3DC800096155 /* ExampleTests */ = {
			isa = PBXGroup;
			children = (
				3B1554DF29AF3DC800096155 /* ExampleTests.swift */,
				3B584BC92AC32F4600423133 /* UnitTestCalc.swift */,
			);
			path = ExampleTests;
			sourceTree = "<group>";
		};
/* End PBXGroup section */

/* Begin PBXNativeTarget section */
		3B1554C129AF3D9300096155 /* TestCodePrac1 */ = {
			isa = PBXNativeTarget;
			buildConfigurationList = 3B1554D629AF3D9400096155 /* Build configuration list for PBXNativeTarget "TestCodePrac1" */;
			buildPhases = (
				3B1554BE29AF3D9300096155 /* Sources */,
				3B1554BF29AF3D9300096155 /* Frameworks */,
				3B1554C029AF3D9300096155 /* Resources */,
			);
			buildRules = (
			);
			dependencies = (
			);
			name = TestCodePrac1;
			productName = TestCodePrac1;
			productReference = 3B1554C229AF3D9300096155 /* TestCodePrac1.app */;
			productType = "com.apple.product-type.application";
		};
		3B1554DC29AF3DC800096155 /* ExampleTests */ = {
			isa = PBXNativeTarget;
			buildConfigurationList = 3B1554E329AF3DC800096155 /* Build configuration list for PBXNativeTarget "ExampleTests" */;
			buildPhases = (
				3B1554D929AF3DC800096155 /* Sources */,
				3B1554DA29AF3DC800096155 /* Frameworks */,
				3B1554DB29AF3DC800096155 /* Resources */,
			);
			buildRules = (
			);
			dependencies = (
				3B1554E229AF3DC800096155 /* PBXTargetDependency */,
			);
			name = ExampleTests;
			productName = ExampleTests;
			productReference = 3B1554DD29AF3DC800096155 /* ExampleTests.xctest */;
			productType = "com.apple.product-type.bundle.unit-test";
		};
/* End PBXNativeTarget section */

/* Begin PBXProject section */
		3B1554BA29AF3D9300096155 /* Project object */ = {
			isa = PBXProject;
			attributes = {
				BuildIndependentTargetsInParallel = 1;
				LastSwiftUpdateCheck = 1420;
				LastUpgradeCheck = 1420;
				TargetAttributes = {
					3B1554C129AF3D9300096155 = {
						CreatedOnToolsVersion = 14.2;
					};
					3B1554DC29AF3DC800096155 = {
						CreatedOnToolsVersion = 14.2;
						TestTargetID = 3B1554C129AF3D9300096155;
					};
				};
			};
			buildConfigurationList = 3B1554BD29AF3D9300096155 /* Build configuration list for PBXProject "TestCodePrac1" */;
			compatibilityVersion = "Xcode 14.0";
			developmentRegion = en;
			hasScannedForEncodings = 0;
			knownRegions = (
				en,
				Base,
			);
			mainGroup = 3B1554B929AF3D9300096155;
			productRefGroup = 3B1554C329AF3D9300096155 /* Products */;
			projectDirPath = "";
			projectRoot = "";
			targets = (
				3B1554C129AF3D9300096155 /* TestCodePrac1 */,
				3B1554DC29AF3DC800096155 /* ExampleTests */,
			);
		};
/* End PBXProject section */

/* Begin PBXResourcesBuildPhase section */
		3B1554C029AF3D9300096155 /* Resources */ = {
			isa = PBXResourcesBuildPhase;
			buildActionMask = 2147483647;
			files = (
				3B1554D229AF3D9400096155 /* LaunchScreen.storyboard in Resources */,
				3B1554CF29AF3D9400096155 /* Assets.xcassets in Resources */,
				3B1554CD29AF3D9300096155 /* Main.storyboard in Resources */,
			);
			runOnlyForDeploymentPostprocessing = 0;
		};
		3B1554DB29AF3DC800096155 /* Resources */ = {
			isa = PBXResourcesBuildPhase;
			buildActionMask = 2147483647;
			files = (
			);
			runOnlyForDeploymentPostprocessing = 0;
		};
/* End PBXResourcesBuildPhase section */

/* Begin PBXSourcesBuildPhase section */
		3B1554BE29AF3D9300096155 /* Sources */ = {
			isa = PBXSourcesBuildPhase;
			buildActionMask = 2147483647;
			files = (
				3B1554CA29AF3D9300096155 /* ViewController.swift in Sources */,
				3B584BC82AC32EEE00423133 /* Calculator.swift in Sources */,
				3B1554C629AF3D9300096155 /* AppDelegate.swift in Sources */,
				3B1554C829AF3D9300096155 /* SceneDelegate.swift in Sources */,
			);
			runOnlyForDeploymentPostprocessing = 0;
		};
		3B1554D929AF3DC800096155 /* Sources */ = {
			isa = PBXSourcesBuildPhase;
			buildActionMask = 2147483647;
			files = (
				3B584BCA2AC32F4600423133 /* UnitTestCalc.swift in Sources */,
				3B1554E029AF3DC800096155 /* ExampleTests.swift in Sources */,
			);
			runOnlyForDeploymentPostprocessing = 0;
		};
/* End PBXSourcesBuildPhase section */

/* Begin PBXTargetDependency section */
		3B1554E229AF3DC800096155 /* PBXTargetDependency */ = {
			isa = PBXTargetDependency;
			target = 3B1554C129AF3D9300096155 /* TestCodePrac1 */;
			targetProxy = 3B1554E129AF3DC800096155 /* PBXContainerItemProxy */;
		};
/* End PBXTargetDependency section */

/* Begin PBXVariantGroup section */
		3B1554CB29AF3D9300096155 /* Main.storyboard */ = {
			isa = PBXVariantGroup;
			children = (
				3B1554CC29AF3D9300096155 /* Base */,
			);
			name = Main.storyboard;
			sourceTree = "<group>";
		};
		3B1554D029AF3D9400096155 /* LaunchScreen.storyboard */ = {
			isa = PBXVariantGroup;
			children = (
				3B1554D129AF3D9400096155 /* Base */,
			);
			name = LaunchScreen.storyboard;
			sourceTree = "<group>";
		};
/* End PBXVariantGroup section */

/* Begin XCBuildConfiguration section */
		3B1554D429AF3D9400096155 /* Debug */ = {
			isa = XCBuildConfiguration;
			buildSettings = {
				ALWAYS_SEARCH_USER_PATHS = NO;
				CLANG_ANALYZER_NONNULL = YES;
				CLANG_ANALYZER_NUMBER_OBJECT_CONVERSION = YES_AGGRESSIVE;
				CLANG_CXX_LANGUAGE_STANDARD = "gnu++20";
				CLANG_ENABLE_MODULES = YES;
				CLANG_ENABLE_OBJC_ARC = YES;
				CLANG_ENABLE_OBJC_WEAK = YES;
				CLANG_WARN_BLOCK_CAPTURE_AUTORELEASING = YES;
				CLANG_WARN_BOOL_CONVERSION = YES;
				CLANG_WARN_COMMA = YES;
				CLANG_WARN_CONSTANT_CONVERSION = YES;
				CLANG_WARN_DEPRECATED_OBJC_IMPLEMENTATIONS = YES;
				CLANG_WARN_DIRECT_OBJC_ISA_USAGE = YES_ERROR;
				CLANG_WARN_DOCUMENTATION_COMMENTS = YES;
				CLANG_WARN_EMPTY_BODY = YES;
				CLANG_WARN_ENUM_CONVERSION = YES;
				CLANG_WARN_INFINITE_RECURSION = YES;
				CLANG_WARN_INT_CONVERSION = YES;
				CLANG_WARN_NON_LITERAL_NULL_CONVERSION = YES;
				CLANG_WARN_OBJC_IMPLICIT_RETAIN_SELF = YES;
				CLANG_WARN_OBJC_LITERAL_CONVERSION = YES;
				CLANG_WARN_OBJC_ROOT_CLASS = YES_ERROR;
				CLANG_WARN_QUOTED_INCLUDE_IN_FRAMEWORK_HEADER = YES;
				CLANG_WARN_RANGE_LOOP_ANALYSIS = YES;
				CLANG_WARN_STRICT_PROTOTYPES = YES;
				CLANG_WARN_SUSPICIOUS_MOVE = YES;
				CLANG_WARN_UNGUARDED_AVAILABILITY = YES_AGGRESSIVE;
				CLANG_WARN_UNREACHABLE_CODE = YES;
				CLANG_WARN__DUPLICATE_METHOD_MATCH = YES;
				COPY_PHASE_STRIP = NO;
				DEBUG_INFORMATION_FORMAT = dwarf;
				ENABLE_STRICT_OBJC_MSGSEND = YES;
				ENABLE_TESTABILITY = YES;
				GCC_C_LANGUAGE_STANDARD = gnu11;
				GCC_DYNAMIC_NO_PIC = NO;
				GCC_NO_COMMON_BLOCKS = YES;
				GCC_OPTIMIZATION_LEVEL = 0;
				GCC_PREPROCESSOR_DEFINITIONS = (
					"DEBUG=1",
					"$(inherited)",
				);
				GCC_WARN_64_TO_32_BIT_CONVERSION = YES;
				GCC_WARN_ABOUT_RETURN_TYPE = YES_ERROR;
				GCC_WARN_UNDECLARED_SELECTOR = YES;
				GCC_WARN_UNINITIALIZED_AUTOS = YES_AGGRESSIVE;
				GCC_WARN_UNUSED_FUNCTION = YES;
				GCC_WARN_UNUSED_VARIABLE = YES;
				IPHONEOS_DEPLOYMENT_TARGET = 16.2;
				MTL_ENABLE_DEBUG_INFO = INCLUDE_SOURCE;
				MTL_FAST_MATH = YES;
				ONLY_ACTIVE_ARCH = YES;
				SDKROOT = iphoneos;
				SWIFT_ACTIVE_COMPILATION_CONDITIONS = DEBUG;
				SWIFT_OPTIMIZATION_LEVEL = "-Onone";
			};
			name = Debug;
		};
		3B1554D529AF3D9400096155 /* Release */ = {
			isa = XCBuildConfiguration;
			buildSettings = {
				ALWAYS_SEARCH_USER_PATHS = NO;
				CLANG_ANALYZER_NONNULL = YES;
				CLANG_ANALYZER_NUMBER_OBJECT_CONVERSION = YES_AGGRESSIVE;
				CLANG_CXX_LANGUAGE_STANDARD = "gnu++20";
				CLANG_ENABLE_MODULES = YES;
				CLANG_ENABLE_OBJC_ARC = YES;
				CLANG_ENABLE_OBJC_WEAK = YES;
				CLANG_WARN_BLOCK_CAPTURE_AUTORELEASING = YES;
				CLANG_WARN_BOOL_CONVERSION = YES;
				CLANG_WARN_COMMA = YES;
				CLANG_WARN_CONSTANT_CONVERSION = YES;
				CLANG_WARN_DEPRECATED_OBJC_IMPLEMENTATIONS = YES;
				CLANG_WARN_DIRECT_OBJC_ISA_USAGE = YES_ERROR;
				CLANG_WARN_DOCUMENTATION_COMMENTS = YES;
				CLANG_WARN_EMPTY_BODY = YES;
				CLANG_WARN_ENUM_CONVERSION = YES;
				CLANG_WARN_INFINITE_RECURSION = YES;
				CLANG_WARN_INT_CONVERSION = YES;
				CLANG_WARN_NON_LITERAL_NULL_CONVERSION = YES;
				CLANG_WARN_OBJC_IMPLICIT_RETAIN_SELF = YES;
				CLANG_WARN_OBJC_LITERAL_CONVERSION = YES;
				CLANG_WARN_OBJC_ROOT_CLASS = YES_ERROR;
				CLANG_WARN_QUOTED_INCLUDE_IN_FRAMEWORK_HEADER = YES;
				CLANG_WARN_RANGE_LOOP_ANALYSIS = YES;
				CLANG_WARN_STRICT_PROTOTYPES = YES;
				CLANG_WARN_SUSPICIOUS_MOVE = YES;
				CLANG_WARN_UNGUARDED_AVAILABILITY = YES_AGGRESSIVE;
				CLANG_WARN_UNREACHABLE_CODE = YES;
				CLANG_WARN__DUPLICATE_METHOD_MATCH = YES;
				COPY_PHASE_STRIP = NO;
				DEBUG_INFORMATION_FORMAT = "dwarf-with-dsym";
				ENABLE_NS_ASSERTIONS = NO;
				ENABLE_STRICT_OBJC_MSGSEND = YES;
				GCC_C_LANGUAGE_STANDARD = gnu11;
				GCC_NO_COMMON_BLOCKS = YES;
				GCC_WARN_64_TO_32_BIT_CONVERSION = YES;
				GCC_WARN_ABOUT_RETURN_TYPE = YES_ERROR;
				GCC_WARN_UNDECLARED_SELECTOR = YES;
				GCC_WARN_UNINITIALIZED_AUTOS = YES_AGGRESSIVE;
				GCC_WARN_UNUSED_FUNCTION = YES;
				GCC_WARN_UNUSED_VARIABLE = YES;
				IPHONEOS_DEPLOYMENT_TARGET = 16.2;
				MTL_ENABLE_DEBUG_INFO = NO;
				MTL_FAST_MATH = YES;
				SDKROOT = iphoneos;
				SWIFT_COMPILATION_MODE = wholemodule;
				SWIFT_OPTIMIZATION_LEVEL = "-O";
				VALIDATE_PRODUCT = YES;
			};
			name = Release;
		};
		3B1554D729AF3D9400096155 /* Debug */ = {
			isa = XCBuildConfiguration;
			buildSettings = {
				ASSETCATALOG_COMPILER_APPICON_NAME = AppIcon;
				ASSETCATALOG_COMPILER_GLOBAL_ACCENT_COLOR_NAME = AccentColor;
				CODE_SIGN_STYLE = Automatic;
				CURRENT_PROJECT_VERSION = 1;
				DEVELOPMENT_TEAM = SN5J3DYFX4;
				GENERATE_INFOPLIST_FILE = YES;
				INFOPLIST_FILE = TestCodePrac1/Info.plist;
				INFOPLIST_KEY_UIApplicationSupportsIndirectInputEvents = YES;
				INFOPLIST_KEY_UILaunchStoryboardName = LaunchScreen;
				INFOPLIST_KEY_UIMainStoryboardFile = Main;
				INFOPLIST_KEY_UISupportedInterfaceOrientations_iPad = "UIInterfaceOrientationPortrait UIInterfaceOrientationPortraitUpsideDown UIInterfaceOrientationLandscapeLeft UIInterfaceOrientationLandscapeRight";
				INFOPLIST_KEY_UISupportedInterfaceOrientations_iPhone = "UIInterfaceOrientationPortrait UIInterfaceOrientationLandscapeLeft UIInterfaceOrientationLandscapeRight";
				LD_RUNPATH_SEARCH_PATHS = (
					"$(inherited)",
					"@executable_path/Frameworks",
				);
				MARKETING_VERSION = 1.0;
				PRODUCT_BUNDLE_IDENTIFIER = JJ.TestCodePrac1;
				PRODUCT_NAME = "$(TARGET_NAME)";
				SWIFT_EMIT_LOC_STRINGS = YES;
				SWIFT_VERSION = 5.0;
				TARGETED_DEVICE_FAMILY = "1,2";
			};
			name = Debug;
		};
		3B1554D829AF3D9400096155 /* Release */ = {
			isa = XCBuildConfiguration;
			buildSettings = {
				ASSETCATALOG_COMPILER_APPICON_NAME = AppIcon;
				ASSETCATALOG_COMPILER_GLOBAL_ACCENT_COLOR_NAME = AccentColor;
				CODE_SIGN_STYLE = Automatic;
				CURRENT_PROJECT_VERSION = 1;
				DEVELOPMENT_TEAM = SN5J3DYFX4;
				GENERATE_INFOPLIST_FILE = YES;
				INFOPLIST_FILE = TestCodePrac1/Info.plist;
				INFOPLIST_KEY_UIApplicationSupportsIndirectInputEvents = YES;
				INFOPLIST_KEY_UILaunchStoryboardName = LaunchScreen;
				INFOPLIST_KEY_UIMainStoryboardFile = Main;
				INFOPLIST_KEY_UISupportedInterfaceOrientations_iPad = "UIInterfaceOrientationPortrait UIInterfaceOrientationPortraitUpsideDown UIInterfaceOrientationLandscapeLeft UIInterfaceOrientationLandscapeRight";
				INFOPLIST_KEY_UISupportedInterfaceOrientations_iPhone = "UIInterfaceOrientationPortrait UIInterfaceOrientationLandscapeLeft UIInterfaceOrientationLandscapeRight";
				LD_RUNPATH_SEARCH_PATHS = (
					"$(inherited)",
					"@executable_path/Frameworks",
				);
				MARKETING_VERSION = 1.0;
				PRODUCT_BUNDLE_IDENTIFIER = JJ.TestCodePrac1;
				PRODUCT_NAME = "$(TARGET_NAME)";
				SWIFT_EMIT_LOC_STRINGS = YES;
				SWIFT_VERSION = 5.0;
				TARGETED_DEVICE_FAMILY = "1,2";
			};
			name = Release;
		};
		3B1554E429AF3DC800096155 /* Debug */ = {
			isa = XCBuildConfiguration;
			buildSettings = {
				BUNDLE_LOADER = "$(TEST_HOST)";
				CODE_SIGN_STYLE = Automatic;
				CURRENT_PROJECT_VERSION = 1;
				DEVELOPMENT_TEAM = SN5J3DYFX4;
				GENERATE_INFOPLIST_FILE = YES;
				IPHONEOS_DEPLOYMENT_TARGET = 16.2;
				MACOSX_DEPLOYMENT_TARGET = 13.1;
				MARKETING_VERSION = 1.0;
				PRODUCT_BUNDLE_IDENTIFIER = JJ.ExampleTests;
				PRODUCT_NAME = "$(TARGET_NAME)";
				SDKROOT = auto;
				SUPPORTED_PLATFORMS = "iphoneos iphonesimulator macosx";
				SWIFT_EMIT_LOC_STRINGS = NO;
				SWIFT_VERSION = 5.0;
				TARGETED_DEVICE_FAMILY = "1,2";
				TEST_HOST = "$(BUILT_PRODUCTS_DIR)/TestCodePrac1.app/$(BUNDLE_EXECUTABLE_FOLDER_PATH)/TestCodePrac1";
			};
			name = Debug;
		};
		3B1554E529AF3DC800096155 /* Release */ = {
			isa = XCBuildConfiguration;
			buildSettings = {
				BUNDLE_LOADER = "$(TEST_HOST)";
				CODE_SIGN_STYLE = Automatic;
				CURRENT_PROJECT_VERSION = 1;
				DEVELOPMENT_TEAM = SN5J3DYFX4;
				GENERATE_INFOPLIST_FILE = YES;
				IPHONEOS_DEPLOYMENT_TARGET = 16.2;
				MACOSX_DEPLOYMENT_TARGET = 13.1;
				MARKETING_VERSION = 1.0;
				PRODUCT_BUNDLE_IDENTIFIER = JJ.ExampleTests;
				PRODUCT_NAME = "$(TARGET_NAME)";
				SDKROOT = auto;
				SUPPORTED_PLATFORMS = "iphoneos iphonesimulator macosx";
				SWIFT_EMIT_LOC_STRINGS = NO;
				SWIFT_VERSION = 5.0;
				TARGETED_DEVICE_FAMILY = "1,2";
				TEST_HOST = "$(BUILT_PRODUCTS_DIR)/TestCodePrac1.app/$(BUNDLE_EXECUTABLE_FOLDER_PATH)/TestCodePrac1";
			};
			name = Release;
		};
/* End XCBuildConfiguration section */

/* Begin XCConfigurationList section */
		3B1554BD29AF3D9300096155 /* Build configuration list for PBXProject "TestCodePrac1" */ = {
			isa = XCConfigurationList;
			buildConfigurations = (
				3B1554D429AF3D9400096155 /* Debug */,
				3B1554D529AF3D9400096155 /* Release */,
			);
			defaultConfigurationIsVisible = 0;
			defaultConfigurationName = Release;
		};
		3B1554D629AF3D9400096155 /* Build configuration list for PBXNativeTarget "TestCodePrac1" */ = {
			isa = XCConfigurationList;
			buildConfigurations = (
				3B1554D729AF3D9400096155 /* Debug */,
				3B1554D829AF3D9400096155 /* Release */,
			);
			defaultConfigurationIsVisible = 0;
			defaultConfigurationName = Release;
		};
		3B1554E329AF3DC800096155 /* Build configuration list for PBXNativeTarget "ExampleTests" */ = {
			isa = XCConfigurationList;
			buildConfigurations = (
				3B1554E429AF3DC800096155 /* Debug */,
				3B1554E529AF3DC800096155 /* Release */,
			);
			defaultConfigurationIsVisible = 0;
			defaultConfigurationName = Release;
		};
/* End XCConfigurationList section */
	};
	rootObject = 3B1554BA29AF3D9300096155 /* Project object */;
}
