// !$*UTF8*$!
{
	archiveVersion = 1;
	classes = {
	};
	objectVersion = 56;
	objects = {

/* Begin PBXBuildFile section */
		6CFF2A302B04894400984AD6 /* week7_missionApp.swift in Sources */ = {isa = PBXBuildFile; fileRef = 6CFF2A2F2B04894400984AD6 /* week7_missionApp.swift */; };
		6CFF2A342B04894400984AD6 /* Assets.xcassets in Resources */ = {isa = PBXBuildFile; fileRef = 6CFF2A332B04894400984AD6 /* Assets.xcassets */; };
		6CFF2A372B04894400984AD6 /* Preview Assets.xcassets in Resources */ = {isa = PBXBuildFile; fileRef = 6CFF2A362B04894400984AD6 /* Preview Assets.xcassets */; };
		6CFF2A3F2B048A6500984AD6 /* HomeView.swift in Sources */ = {isa = PBXBuildFile; fileRef = 6CFF2A3E2B048A6500984AD6 /* HomeView.swift */; };
		6CFF2A412B048A6B00984AD6 /* HomeViewModel.swift in Sources */ = {isa = PBXBuildFile; fileRef = 6CFF2A402B048A6B00984AD6 /* HomeViewModel.swift */; };
		6CFF2A472B048B2300984AD6 /* HomeContent.swift in Sources */ = {isa = PBXBuildFile; fileRef = 6CFF2A462B048B2300984AD6 /* HomeContent.swift */; };
		6CFF2A492B04946200984AD6 /* CellView.swift in Sources */ = {isa = PBXBuildFile; fileRef = 6CFF2A482B04946200984AD6 /* CellView.swift */; };
		6CFF2A4D2B04A14700984AD6 /* NavigationBar.swift in Sources */ = {isa = PBXBuildFile; fileRef = 6CFF2A4C2B04A14700984AD6 /* NavigationBar.swift */; };
		6CFF2A4F2B04A1B900984AD6 /* NavigationBtnType.swift in Sources */ = {isa = PBXBuildFile; fileRef = 6CFF2A4E2B04A1B900984AD6 /* NavigationBtnType.swift */; };
		6CFF2A522B04B44B00984AD6 /* FloatingButton.swift in Sources */ = {isa = PBXBuildFile; fileRef = 6CFF2A512B04B44B00984AD6 /* FloatingButton.swift */; };
/* End PBXBuildFile section */

/* Begin PBXFileReference section */
		6CFF2A2C2B04894400984AD6 /* week7_mission.app */ = {isa = PBXFileReference; explicitFileType = wrapper.application; includeInIndex = 0; path = week7_mission.app; sourceTree = BUILT_PRODUCTS_DIR; };
		6CFF2A2F2B04894400984AD6 /* week7_missionApp.swift */ = {isa = PBXFileReference; lastKnownFileType = sourcecode.swift; path = week7_missionApp.swift; sourceTree = "<group>"; };
		6CFF2A332B04894400984AD6 /* Assets.xcassets */ = {isa = PBXFileReference; lastKnownFileType = folder.assetcatalog; path = Assets.xcassets; sourceTree = "<group>"; };
		6CFF2A362B04894400984AD6 /* Preview Assets.xcassets */ = {isa = PBXFileReference; lastKnownFileType = folder.assetcatalog; path = "Preview Assets.xcassets"; sourceTree = "<group>"; };
		6CFF2A3E2B048A6500984AD6 /* HomeView.swift */ = {isa = PBXFileReference; lastKnownFileType = sourcecode.swift; path = HomeView.swift; sourceTree = "<group>"; };
		6CFF2A402B048A6B00984AD6 /* HomeViewModel.swift */ = {isa = PBXFileReference; lastKnownFileType = sourcecode.swift; path = HomeViewModel.swift; sourceTree = "<group>"; };
		6CFF2A462B048B2300984AD6 /* HomeContent.swift */ = {isa = PBXFileReference; lastKnownFileType = sourcecode.swift; path = HomeContent.swift; sourceTree = "<group>"; };
		6CFF2A482B04946200984AD6 /* CellView.swift */ = {isa = PBXFileReference; lastKnownFileType = sourcecode.swift; path = CellView.swift; sourceTree = "<group>"; };
		6CFF2A4C2B04A14700984AD6 /* NavigationBar.swift */ = {isa = PBXFileReference; lastKnownFileType = sourcecode.swift; path = NavigationBar.swift; sourceTree = "<group>"; };
		6CFF2A4E2B04A1B900984AD6 /* NavigationBtnType.swift */ = {isa = PBXFileReference; lastKnownFileType = sourcecode.swift; path = NavigationBtnType.swift; sourceTree = "<group>"; };
		6CFF2A512B04B44B00984AD6 /* FloatingButton.swift */ = {isa = PBXFileReference; lastKnownFileType = sourcecode.swift; path = FloatingButton.swift; sourceTree = "<group>"; };
/* End PBXFileReference section */

/* Begin PBXFrameworksBuildPhase section */
		6CFF2A292B04894400984AD6 /* Frameworks */ = {
			isa = PBXFrameworksBuildPhase;
			buildActionMask = 2147483647;
			files = (
			);
			runOnlyForDeploymentPostprocessing = 0;
		};
/* End PBXFrameworksBuildPhase section */

/* Begin PBXGroup section */
		6CFF2A232B04894400984AD6 = {
			isa = PBXGroup;
			children = (
				6CFF2A2E2B04894400984AD6 /* week7_mission */,
				6CFF2A2D2B04894400984AD6 /* Products */,
			);
			sourceTree = "<group>";
		};
		6CFF2A2D2B04894400984AD6 /* Products */ = {
			isa = PBXGroup;
			children = (
				6CFF2A2C2B04894400984AD6 /* week7_mission.app */,
			);
			name = Products;
			sourceTree = "<group>";
		};
		6CFF2A2E2B04894400984AD6 /* week7_mission */ = {
			isa = PBXGroup;
			children = (
				6CFF2A4A2B04A11400984AD6 /* App */,
				6CFF2A4B2B04A13800984AD6 /* NavigationBar */,
				6CFF2A422B048AF300984AD6 /* Model */,
				6CFF2A3D2B048A4300984AD6 /* Home */,
				6CFF2A332B04894400984AD6 /* Assets.xcassets */,
				6CFF2A352B04894400984AD6 /* Preview Content */,
				6CFF2A512B04B44B00984AD6 /* FloatingButton.swift */,
			);
			path = week7_mission;
			sourceTree = "<group>";
		};
		6CFF2A352B04894400984AD6 /* Preview Content */ = {
			isa = PBXGroup;
			children = (
				6CFF2A362B04894400984AD6 /* Preview Assets.xcassets */,
			);
			path = "Preview Content";
			sourceTree = "<group>";
		};
		6CFF2A3D2B048A4300984AD6 /* Home */ = {
			isa = PBXGroup;
			children = (
				6CFF2A3E2B048A6500984AD6 /* HomeView.swift */,
				6CFF2A482B04946200984AD6 /* CellView.swift */,
				6CFF2A402B048A6B00984AD6 /* HomeViewModel.swift */,
			);
			path = Home;
			sourceTree = "<group>";
		};
		6CFF2A422B048AF300984AD6 /* Model */ = {
			isa = PBXGroup;
			children = (
				6CFF2A432B048AF800984AD6 /* Home */,
			);
			path = Model;
			sourceTree = "<group>";
		};
		6CFF2A432B048AF800984AD6 /* Home */ = {
			isa = PBXGroup;
			children = (
				6CFF2A462B048B2300984AD6 /* HomeContent.swift */,
			);
			path = Home;
			sourceTree = "<group>";
		};
		6CFF2A4A2B04A11400984AD6 /* App */ = {
			isa = PBXGroup;
			children = (
				6CFF2A2F2B04894400984AD6 /* week7_missionApp.swift */,
			);
			path = App;
			sourceTree = "<group>";
		};
		6CFF2A4B2B04A13800984AD6 /* NavigationBar */ = {
			isa = PBXGroup;
			children = (
				6CFF2A4E2B04A1B900984AD6 /* NavigationBtnType.swift */,
				6CFF2A4C2B04A14700984AD6 /* NavigationBar.swift */,
			);
			path = NavigationBar;
			sourceTree = "<group>";
		};
/* End PBXGroup section */

/* Begin PBXNativeTarget section */
		6CFF2A2B2B04894400984AD6 /* week7_mission */ = {
			isa = PBXNativeTarget;
			buildConfigurationList = 6CFF2A3A2B04894400984AD6 /* Build configuration list for PBXNativeTarget "week7_mission" */;
			buildPhases = (
				6CFF2A282B04894400984AD6 /* Sources */,
				6CFF2A292B04894400984AD6 /* Frameworks */,
				6CFF2A2A2B04894400984AD6 /* Resources */,
			);
			buildRules = (
			);
			dependencies = (
			);
			name = week7_mission;
			productName = week7_mission;
			productReference = 6CFF2A2C2B04894400984AD6 /* week7_mission.app */;
			productType = "com.apple.product-type.application";
		};
/* End PBXNativeTarget section */

/* Begin PBXProject section */
		6CFF2A242B04894400984AD6 /* Project object */ = {
			isa = PBXProject;
			attributes = {
				BuildIndependentTargetsInParallel = 1;
				LastSwiftUpdateCheck = 1420;
				LastUpgradeCheck = 1420;
				TargetAttributes = {
					6CFF2A2B2B04894400984AD6 = {
						CreatedOnToolsVersion = 14.2;
					};
				};
			};
			buildConfigurationList = 6CFF2A272B04894400984AD6 /* Build configuration list for PBXProject "week7_mission" */;
			compatibilityVersion = "Xcode 14.0";
			developmentRegion = en;
			hasScannedForEncodings = 0;
			knownRegions = (
				en,
				Base,
			);
			mainGroup = 6CFF2A232B04894400984AD6;
			productRefGroup = 6CFF2A2D2B04894400984AD6 /* Products */;
			projectDirPath = "";
			projectRoot = "";
			targets = (
				6CFF2A2B2B04894400984AD6 /* week7_mission */,
			);
		};
/* End PBXProject section */

/* Begin PBXResourcesBuildPhase section */
		6CFF2A2A2B04894400984AD6 /* Resources */ = {
			isa = PBXResourcesBuildPhase;
			buildActionMask = 2147483647;
			files = (
				6CFF2A372B04894400984AD6 /* Preview Assets.xcassets in Resources */,
				6CFF2A342B04894400984AD6 /* Assets.xcassets in Resources */,
			);
			runOnlyForDeploymentPostprocessing = 0;
		};
/* End PBXResourcesBuildPhase section */

/* Begin PBXSourcesBuildPhase section */
		6CFF2A282B04894400984AD6 /* Sources */ = {
			isa = PBXSourcesBuildPhase;
			buildActionMask = 2147483647;
			files = (
				6CFF2A3F2B048A6500984AD6 /* HomeView.swift in Sources */,
				6CFF2A492B04946200984AD6 /* CellView.swift in Sources */,
				6CFF2A302B04894400984AD6 /* week7_missionApp.swift in Sources */,
				6CFF2A412B048A6B00984AD6 /* HomeViewModel.swift in Sources */,
				6CFF2A472B048B2300984AD6 /* HomeContent.swift in Sources */,
				6CFF2A4D2B04A14700984AD6 /* NavigationBar.swift in Sources */,
				6CFF2A4F2B04A1B900984AD6 /* NavigationBtnType.swift in Sources */,
				6CFF2A522B04B44B00984AD6 /* FloatingButton.swift in Sources */,
			);
			runOnlyForDeploymentPostprocessing = 0;
		};
/* End PBXSourcesBuildPhase section */

/* Begin XCBuildConfiguration section */
		6CFF2A382B04894400984AD6 /* Debug */ = {
			isa = XCBuildConfiguration;
			buildSettings = {
				ALWAYS_SEARCH_USER_PATHS = NO;
				CLANG_ANALYZER_NONNULL = YES;
				CLANG_ANALYZER_NUMBER_OBJECT_CONVERSION = YES_AGGRESSIVE;
				CLANG_CXX_LANGUAGE_STANDARD = "gnu++20";
				CLANG_ENABLE_MODULES = YES;
				CLANG_ENABLE_OBJC_ARC = YES;
				CLANG_ENABLE_OBJC_WEAK = YES;
				CLANG_WARN_BLOCK_CAPTURE_AUTORELEASING = YES;
				CLANG_WARN_BOOL_CONVERSION = YES;
				CLANG_WARN_COMMA = YES;
				CLANG_WARN_CONSTANT_CONVERSION = YES;
				CLANG_WARN_DEPRECATED_OBJC_IMPLEMENTATIONS = YES;
				CLANG_WARN_DIRECT_OBJC_ISA_USAGE = YES_ERROR;
				CLANG_WARN_DOCUMENTATION_COMMENTS = YES;
				CLANG_WARN_EMPTY_BODY = YES;
				CLANG_WARN_ENUM_CONVERSION = YES;
				CLANG_WARN_INFINITE_RECURSION = YES;
				CLANG_WARN_INT_CONVERSION = YES;
				CLANG_WARN_NON_LITERAL_NULL_CONVERSION = YES;
				CLANG_WARN_OBJC_IMPLICIT_RETAIN_SELF = YES;
				CLANG_WARN_OBJC_LITERAL_CONVERSION = YES;
				CLANG_WARN_OBJC_ROOT_CLASS = YES_ERROR;
				CLANG_WARN_QUOTED_INCLUDE_IN_FRAMEWORK_HEADER = YES;
				CLANG_WARN_RANGE_LOOP_ANALYSIS = YES;
				CLANG_WARN_STRICT_PROTOTYPES = YES;
				CLANG_WARN_SUSPICIOUS_MOVE = YES;
				CLANG_WARN_UNGUARDED_AVAILABILITY = YES_AGGRESSIVE;
				CLANG_WARN_UNREACHABLE_CODE = YES;
				CLANG_WARN__DUPLICATE_METHOD_MATCH = YES;
				COPY_PHASE_STRIP = NO;
				DEBUG_INFORMATION_FORMAT = dwarf;
				ENABLE_STRICT_OBJC_MSGSEND = YES;
				ENABLE_TESTABILITY = YES;
				GCC_C_LANGUAGE_STANDARD = gnu11;
				GCC_DYNAMIC_NO_PIC = NO;
				GCC_NO_COMMON_BLOCKS = YES;
				GCC_OPTIMIZATION_LEVEL = 0;
				GCC_PREPROCESSOR_DEFINITIONS = (
					"DEBUG=1",
					"$(inherited)",
				);
				GCC_WARN_64_TO_32_BIT_CONVERSION = YES;
				GCC_WARN_ABOUT_RETURN_TYPE = YES_ERROR;
				GCC_WARN_UNDECLARED_SELECTOR = YES;
				GCC_WARN_UNINITIALIZED_AUTOS = YES_AGGRESSIVE;
				GCC_WARN_UNUSED_FUNCTION = YES;
				GCC_WARN_UNUSED_VARIABLE = YES;
				IPHONEOS_DEPLOYMENT_TARGET = 16.2;
				MTL_ENABLE_DEBUG_INFO = INCLUDE_SOURCE;
				MTL_FAST_MATH = YES;
				ONLY_ACTIVE_ARCH = YES;
				SDKROOT = iphoneos;
				SWIFT_ACTIVE_COMPILATION_CONDITIONS = DEBUG;
				SWIFT_OPTIMIZATION_LEVEL = "-Onone";
			};
			name = Debug;
		};
		6CFF2A392B04894400984AD6 /* Release */ = {
			isa = XCBuildConfiguration;
			buildSettings = {
				ALWAYS_SEARCH_USER_PATHS = NO;
				CLANG_ANALYZER_NONNULL = YES;
				CLANG_ANALYZER_NUMBER_OBJECT_CONVERSION = YES_AGGRESSIVE;
				CLANG_CXX_LANGUAGE_STANDARD = "gnu++20";
				CLANG_ENABLE_MODULES = YES;
				CLANG_ENABLE_OBJC_ARC = YES;
				CLANG_ENABLE_OBJC_WEAK = YES;
				CLANG_WARN_BLOCK_CAPTURE_AUTORELEASING = YES;
				CLANG_WARN_BOOL_CONVERSION = YES;
				CLANG_WARN_COMMA = YES;
				CLANG_WARN_CONSTANT_CONVERSION = YES;
				CLANG_WARN_DEPRECATED_OBJC_IMPLEMENTATIONS = YES;
				CLANG_WARN_DIRECT_OBJC_ISA_USAGE = YES_ERROR;
				CLANG_WARN_DOCUMENTATION_COMMENTS = YES;
				CLANG_WARN_EMPTY_BODY = YES;
				CLANG_WARN_ENUM_CONVERSION = YES;
				CLANG_WARN_INFINITE_RECURSION = YES;
				CLANG_WARN_INT_CONVERSION = YES;
				CLANG_WARN_NON_LITERAL_NULL_CONVERSION = YES;
				CLANG_WARN_OBJC_IMPLICIT_RETAIN_SELF = YES;
				CLANG_WARN_OBJC_LITERAL_CONVERSION = YES;
				CLANG_WARN_OBJC_ROOT_CLASS = YES_ERROR;
				CLANG_WARN_QUOTED_INCLUDE_IN_FRAMEWORK_HEADER = YES;
				CLANG_WARN_RANGE_LOOP_ANALYSIS = YES;
				CLANG_WARN_STRICT_PROTOTYPES = YES;
				CLANG_WARN_SUSPICIOUS_MOVE = YES;
				CLANG_WARN_UNGUARDED_AVAILABILITY = YES_AGGRESSIVE;
				CLANG_WARN_UNREACHABLE_CODE = YES;
				CLANG_WARN__DUPLICATE_METHOD_MATCH = YES;
				COPY_PHASE_STRIP = NO;
				DEBUG_INFORMATION_FORMAT = "dwarf-with-dsym";
				ENABLE_NS_ASSERTIONS = NO;
				ENABLE_STRICT_OBJC_MSGSEND = YES;
				GCC_C_LANGUAGE_STANDARD = gnu11;
				GCC_NO_COMMON_BLOCKS = YES;
				GCC_WARN_64_TO_32_BIT_CONVERSION = YES;
				GCC_WARN_ABOUT_RETURN_TYPE = YES_ERROR;
				GCC_WARN_UNDECLARED_SELECTOR = YES;
				GCC_WARN_UNINITIALIZED_AUTOS = YES_AGGRESSIVE;
				GCC_WARN_UNUSED_FUNCTION = YES;
				GCC_WARN_UNUSED_VARIABLE = YES;
				IPHONEOS_DEPLOYMENT_TARGET = 16.2;
				MTL_ENABLE_DEBUG_INFO = NO;
				MTL_FAST_MATH = YES;
				SDKROOT = iphoneos;
				SWIFT_COMPILATION_MODE = wholemodule;
				SWIFT_OPTIMIZATION_LEVEL = "-O";
				VALIDATE_PRODUCT = YES;
			};
			name = Release;
		};
		6CFF2A3B2B04894400984AD6 /* Debug */ = {
			isa = XCBuildConfiguration;
			buildSettings = {
				ASSETCATALOG_COMPILER_APPICON_NAME = AppIcon;
				ASSETCATALOG_COMPILER_GLOBAL_ACCENT_COLOR_NAME = AccentColor;
				CODE_SIGN_STYLE = Automatic;
				CURRENT_PROJECT_VERSION = 1;
				DEVELOPMENT_ASSET_PATHS = "\"week7_mission/Preview Content\"";
				DEVELOPMENT_TEAM = 4YH4UGRTMH;
				ENABLE_PREVIEWS = YES;
				GENERATE_INFOPLIST_FILE = YES;
				INFOPLIST_KEY_UIApplicationSceneManifest_Generation = YES;
				INFOPLIST_KEY_UIApplicationSupportsIndirectInputEvents = YES;
				INFOPLIST_KEY_UILaunchScreen_Generation = YES;
				INFOPLIST_KEY_UISupportedInterfaceOrientations_iPad = "UIInterfaceOrientationPortrait UIInterfaceOrientationPortraitUpsideDown UIInterfaceOrientationLandscapeLeft UIInterfaceOrientationLandscapeRight";
				INFOPLIST_KEY_UISupportedInterfaceOrientations_iPhone = "UIInterfaceOrientationPortrait UIInterfaceOrientationLandscapeLeft UIInterfaceOrientationLandscapeRight";
				LD_RUNPATH_SEARCH_PATHS = (
					"$(inherited)",
					"@executable_path/Frameworks",
				);
				MARKETING_VERSION = 1.0;
				PRODUCT_BUNDLE_IDENTIFIER = "hsb.week7-mission";
				PRODUCT_NAME = "$(TARGET_NAME)";
				SWIFT_EMIT_LOC_STRINGS = YES;
				SWIFT_VERSION = 5.0;
				TARGETED_DEVICE_FAMILY = "1,2";
			};
			name = Debug;
		};
		6CFF2A3C2B04894400984AD6 /* Release */ = {
			isa = XCBuildConfiguration;
			buildSettings = {
				ASSETCATALOG_COMPILER_APPICON_NAME = AppIcon;
				ASSETCATALOG_COMPILER_GLOBAL_ACCENT_COLOR_NAME = AccentColor;
				CODE_SIGN_STYLE = Automatic;
				CURRENT_PROJECT_VERSION = 1;
				DEVELOPMENT_ASSET_PATHS = "\"week7_mission/Preview Content\"";
				DEVELOPMENT_TEAM = 4YH4UGRTMH;
				ENABLE_PREVIEWS = YES;
				GENERATE_INFOPLIST_FILE = YES;
				INFOPLIST_KEY_UIApplicationSceneManifest_Generation = YES;
				INFOPLIST_KEY_UIApplicationSupportsIndirectInputEvents = YES;
				INFOPLIST_KEY_UILaunchScreen_Generation = YES;
				INFOPLIST_KEY_UISupportedInterfaceOrientations_iPad = "UIInterfaceOrientationPortrait UIInterfaceOrientationPortraitUpsideDown UIInterfaceOrientationLandscapeLeft UIInterfaceOrientationLandscapeRight";
				INFOPLIST_KEY_UISupportedInterfaceOrientations_iPhone = "UIInterfaceOrientationPortrait UIInterfaceOrientationLandscapeLeft UIInterfaceOrientationLandscapeRight";
				LD_RUNPATH_SEARCH_PATHS = (
					"$(inherited)",
					"@executable_path/Frameworks",
				);
				MARKETING_VERSION = 1.0;
				PRODUCT_BUNDLE_IDENTIFIER = "hsb.week7-mission";
				PRODUCT_NAME = "$(TARGET_NAME)";
				SWIFT_EMIT_LOC_STRINGS = YES;
				SWIFT_VERSION = 5.0;
				TARGETED_DEVICE_FAMILY = "1,2";
			};
			name = Release;
		};
/* End XCBuildConfiguration section */

/* Begin XCConfigurationList section */
		6CFF2A272B04894400984AD6 /* Build configuration list for PBXProject "week7_mission" */ = {
			isa = XCConfigurationList;
			buildConfigurations = (
				6CFF2A382B04894400984AD6 /* Debug */,
				6CFF2A392B04894400984AD6 /* Release */,
			);
			defaultConfigurationIsVisible = 0;
			defaultConfigurationName = Release;
		};
		6CFF2A3A2B04894400984AD6 /* Build configuration list for PBXNativeTarget "week7_mission" */ = {
			isa = XCConfigurationList;
			buildConfigurations = (
				6CFF2A3B2B04894400984AD6 /* Debug */,
				6CFF2A3C2B04894400984AD6 /* Release */,
			);
			defaultConfigurationIsVisible = 0;
			defaultConfigurationName = Release;
		};
/* End XCConfigurationList section */
	};
	rootObject = 6CFF2A242B04894400984AD6 /* Project object */;
}
