// !$*UTF8*$!
{
	archiveVersion = 1;
	classes = {
	};
	objectVersion = 56;
	objects = {

/* Begin PBXBuildFile section */
		57BB1B4F2AD667C000516897 /* AppDelegate.swift in Sources */ = {isa = PBXBuildFile; fileRef = 57BB1B4E2AD667C000516897 /* AppDelegate.swift */; };
		57BB1B512AD667C000516897 /* SceneDelegate.swift in Sources */ = {isa = PBXBuildFile; fileRef = 57BB1B502AD667C000516897 /* SceneDelegate.swift */; };
		57BB1B532AD667C000516897 /* ViewController.swift in Sources */ = {isa = PBXBuildFile; fileRef = 57BB1B522AD667C000516897 /* ViewController.swift */; };
		57BB1B582AD667C200516897 /* Assets.xcassets in Resources */ = {isa = PBXBuildFile; fileRef = 57BB1B572AD667C200516897 /* Assets.xcassets */; };
		57BB1B5B2AD667C200516897 /* LaunchScreen.storyboard in Resources */ = {isa = PBXBuildFile; fileRef = 57BB1B592AD667C200516897 /* LaunchScreen.storyboard */; };
		57BB1B642AD6686E00516897 /* KakaoSDK in Frameworks */ = {isa = PBXBuildFile; productRef = 57BB1B632AD6686E00516897 /* KakaoSDK */; };
		57BB1B662AD6686E00516897 /* KakaoSDKAuth in Frameworks */ = {isa = PBXBuildFile; productRef = 57BB1B652AD6686E00516897 /* KakaoSDKAuth */; };
		57BB1B682AD6686E00516897 /* KakaoSDKCommon in Frameworks */ = {isa = PBXBuildFile; productRef = 57BB1B672AD6686E00516897 /* KakaoSDKCommon */; };
		57BB1B6B2AD6687B00516897 /* SnapKit in Frameworks */ = {isa = PBXBuildFile; productRef = 57BB1B6A2AD6687B00516897 /* SnapKit */; };
		57BB1B6D2AD6687B00516897 /* SnapKit-Dynamic in Frameworks */ = {isa = PBXBuildFile; productRef = 57BB1B6C2AD6687B00516897 /* SnapKit-Dynamic */; };
		57BB1B6F2AD66C9500516897 /* SecondViewController.swift in Sources */ = {isa = PBXBuildFile; fileRef = 57BB1B6E2AD66C9500516897 /* SecondViewController.swift */; };
		57BB1B742AD66E4800516897 /* Music.swift in Sources */ = {isa = PBXBuildFile; fileRef = 57BB1B732AD66E4800516897 /* Music.swift */; };
		57BB1B772AD66EC700516897 /* MusicService.swift in Sources */ = {isa = PBXBuildFile; fileRef = 57BB1B762AD66EC700516897 /* MusicService.swift */; };
		57BB1B792AD670D800516897 /* TableViewCell.swift in Sources */ = {isa = PBXBuildFile; fileRef = 57BB1B782AD670D800516897 /* TableViewCell.swift */; };
/* End PBXBuildFile section */

/* Begin PBXFileReference section */
		57BB1B4B2AD667C000516897 /* Mission5.app */ = {isa = PBXFileReference; explicitFileType = wrapper.application; includeInIndex = 0; path = Mission5.app; sourceTree = BUILT_PRODUCTS_DIR; };
		57BB1B4E2AD667C000516897 /* AppDelegate.swift */ = {isa = PBXFileReference; lastKnownFileType = sourcecode.swift; path = AppDelegate.swift; sourceTree = "<group>"; };
		57BB1B502AD667C000516897 /* SceneDelegate.swift */ = {isa = PBXFileReference; lastKnownFileType = sourcecode.swift; path = SceneDelegate.swift; sourceTree = "<group>"; };
		57BB1B522AD667C000516897 /* ViewController.swift */ = {isa = PBXFileReference; lastKnownFileType = sourcecode.swift; path = ViewController.swift; sourceTree = "<group>"; };
		57BB1B572AD667C200516897 /* Assets.xcassets */ = {isa = PBXFileReference; lastKnownFileType = folder.assetcatalog; path = Assets.xcassets; sourceTree = "<group>"; };
		57BB1B5A2AD667C200516897 /* Base */ = {isa = PBXFileReference; lastKnownFileType = file.storyboard; name = Base; path = Base.lproj/LaunchScreen.storyboard; sourceTree = "<group>"; };
		57BB1B5C2AD667C200516897 /* Info.plist */ = {isa = PBXFileReference; lastKnownFileType = text.plist.xml; path = Info.plist; sourceTree = "<group>"; };
		57BB1B6E2AD66C9500516897 /* SecondViewController.swift */ = {isa = PBXFileReference; lastKnownFileType = sourcecode.swift; path = SecondViewController.swift; sourceTree = "<group>"; };
		57BB1B732AD66E4800516897 /* Music.swift */ = {isa = PBXFileReference; lastKnownFileType = sourcecode.swift; path = Music.swift; sourceTree = "<group>"; };
		57BB1B762AD66EC700516897 /* MusicService.swift */ = {isa = PBXFileReference; lastKnownFileType = sourcecode.swift; path = MusicService.swift; sourceTree = "<group>"; };
		57BB1B782AD670D800516897 /* TableViewCell.swift */ = {isa = PBXFileReference; lastKnownFileType = sourcecode.swift; path = TableViewCell.swift; sourceTree = "<group>"; };
/* End PBXFileReference section */

/* Begin PBXFrameworksBuildPhase section */
		57BB1B482AD667C000516897 /* Frameworks */ = {
			isa = PBXFrameworksBuildPhase;
			buildActionMask = 2147483647;
			files = (
				57BB1B6D2AD6687B00516897 /* SnapKit-Dynamic in Frameworks */,
				57BB1B642AD6686E00516897 /* KakaoSDK in Frameworks */,
				57BB1B6B2AD6687B00516897 /* SnapKit in Frameworks */,
				57BB1B682AD6686E00516897 /* KakaoSDKCommon in Frameworks */,
				57BB1B662AD6686E00516897 /* KakaoSDKAuth in Frameworks */,
			);
			runOnlyForDeploymentPostprocessing = 0;
		};
/* End PBXFrameworksBuildPhase section */

/* Begin PBXGroup section */
		57BB1B422AD667C000516897 = {
			isa = PBXGroup;
			children = (
				57BB1B4D2AD667C000516897 /* Mission5 */,
				57BB1B4C2AD667C000516897 /* Products */,
			);
			sourceTree = "<group>";
		};
		57BB1B4C2AD667C000516897 /* Products */ = {
			isa = PBXGroup;
			children = (
				57BB1B4B2AD667C000516897 /* Mission5.app */,
			);
			name = Products;
			sourceTree = "<group>";
		};
		57BB1B4D2AD667C000516897 /* Mission5 */ = {
			isa = PBXGroup;
			children = (
				57BB1B752AD66EB600516897 /* Service */,
				57BB1B722AD66E0800516897 /* Controller */,
				57BB1B712AD66E0500516897 /* View */,
				57BB1B702AD66E0000516897 /* Model */,
				57BB1B4E2AD667C000516897 /* AppDelegate.swift */,
				57BB1B502AD667C000516897 /* SceneDelegate.swift */,
				57BB1B572AD667C200516897 /* Assets.xcassets */,
				57BB1B592AD667C200516897 /* LaunchScreen.storyboard */,
				57BB1B5C2AD667C200516897 /* Info.plist */,
			);
			path = Mission5;
			sourceTree = "<group>";
		};
		57BB1B702AD66E0000516897 /* Model */ = {
			isa = PBXGroup;
			children = (
				57BB1B732AD66E4800516897 /* Music.swift */,
			);
			path = Model;
			sourceTree = "<group>";
		};
		57BB1B712AD66E0500516897 /* View */ = {
			isa = PBXGroup;
			children = (
				57BB1B782AD670D800516897 /* TableViewCell.swift */,
			);
			path = View;
			sourceTree = "<group>";
		};
		57BB1B722AD66E0800516897 /* Controller */ = {
			isa = PBXGroup;
			children = (
				57BB1B522AD667C000516897 /* ViewController.swift */,
				57BB1B6E2AD66C9500516897 /* SecondViewController.swift */,
			);
			path = Controller;
			sourceTree = "<group>";
		};
		57BB1B752AD66EB600516897 /* Service */ = {
			isa = PBXGroup;
			children = (
				57BB1B762AD66EC700516897 /* MusicService.swift */,
			);
			path = Service;
			sourceTree = "<group>";
		};
/* End PBXGroup section */

/* Begin PBXNativeTarget section */
		57BB1B4A2AD667C000516897 /* Mission5 */ = {
			isa = PBXNativeTarget;
			buildConfigurationList = 57BB1B5F2AD667C200516897 /* Build configuration list for PBXNativeTarget "Mission5" */;
			buildPhases = (
				57BB1B472AD667C000516897 /* Sources */,
				57BB1B482AD667C000516897 /* Frameworks */,
				57BB1B492AD667C000516897 /* Resources */,
			);
			buildRules = (
			);
			dependencies = (
			);
			name = Mission5;
			packageProductDependencies = (
				57BB1B632AD6686E00516897 /* KakaoSDK */,
				57BB1B652AD6686E00516897 /* KakaoSDKAuth */,
				57BB1B672AD6686E00516897 /* KakaoSDKCommon */,
				57BB1B6A2AD6687B00516897 /* SnapKit */,
				57BB1B6C2AD6687B00516897 /* SnapKit-Dynamic */,
			);
			productName = Mission5;
			productReference = 57BB1B4B2AD667C000516897 /* Mission5.app */;
			productType = "com.apple.product-type.application";
		};
/* End PBXNativeTarget section */

/* Begin PBXProject section */
		57BB1B432AD667C000516897 /* Project object */ = {
			isa = PBXProject;
			attributes = {
				BuildIndependentTargetsInParallel = 1;
				LastSwiftUpdateCheck = 1500;
				LastUpgradeCheck = 1500;
				TargetAttributes = {
					57BB1B4A2AD667C000516897 = {
						CreatedOnToolsVersion = 15.0;
					};
				};
			};
			buildConfigurationList = 57BB1B462AD667C000516897 /* Build configuration list for PBXProject "Mission5" */;
			compatibilityVersion = "Xcode 14.0";
			developmentRegion = en;
			hasScannedForEncodings = 0;
			knownRegions = (
				en,
				Base,
			);
			mainGroup = 57BB1B422AD667C000516897;
			packageReferences = (
				57BB1B622AD6686E00516897 /* XCRemoteSwiftPackageReference "kakao-ios-sdk" */,
				57BB1B692AD6687B00516897 /* XCRemoteSwiftPackageReference "SnapKit" */,
			);
			productRefGroup = 57BB1B4C2AD667C000516897 /* Products */;
			projectDirPath = "";
			projectRoot = "";
			targets = (
				57BB1B4A2AD667C000516897 /* Mission5 */,
			);
		};
/* End PBXProject section */

/* Begin PBXResourcesBuildPhase section */
		57BB1B492AD667C000516897 /* Resources */ = {
			isa = PBXResourcesBuildPhase;
			buildActionMask = 2147483647;
			files = (
				57BB1B5B2AD667C200516897 /* LaunchScreen.storyboard in Resources */,
				57BB1B582AD667C200516897 /* Assets.xcassets in Resources */,
			);
			runOnlyForDeploymentPostprocessing = 0;
		};
/* End PBXResourcesBuildPhase section */

/* Begin PBXSourcesBuildPhase section */
		57BB1B472AD667C000516897 /* Sources */ = {
			isa = PBXSourcesBuildPhase;
			buildActionMask = 2147483647;
			files = (
				57BB1B6F2AD66C9500516897 /* SecondViewController.swift in Sources */,
				57BB1B772AD66EC700516897 /* MusicService.swift in Sources */,
				57BB1B532AD667C000516897 /* ViewController.swift in Sources */,
				57BB1B742AD66E4800516897 /* Music.swift in Sources */,
				57BB1B4F2AD667C000516897 /* AppDelegate.swift in Sources */,
				57BB1B792AD670D800516897 /* TableViewCell.swift in Sources */,
				57BB1B512AD667C000516897 /* SceneDelegate.swift in Sources */,
			);
			runOnlyForDeploymentPostprocessing = 0;
		};
/* End PBXSourcesBuildPhase section */

/* Begin PBXVariantGroup section */
		57BB1B592AD667C200516897 /* LaunchScreen.storyboard */ = {
			isa = PBXVariantGroup;
			children = (
				57BB1B5A2AD667C200516897 /* Base */,
			);
			name = LaunchScreen.storyboard;
			sourceTree = "<group>";
		};
/* End PBXVariantGroup section */

/* Begin XCBuildConfiguration section */
		57BB1B5D2AD667C200516897 /* Debug */ = {
			isa = XCBuildConfiguration;
			buildSettings = {
				ALWAYS_SEARCH_USER_PATHS = NO;
				ASSETCATALOG_COMPILER_GENERATE_SWIFT_ASSET_SYMBOL_EXTENSIONS = YES;
				CLANG_ANALYZER_NONNULL = YES;
				CLANG_ANALYZER_NUMBER_OBJECT_CONVERSION = YES_AGGRESSIVE;
				CLANG_CXX_LANGUAGE_STANDARD = "gnu++20";
				CLANG_ENABLE_MODULES = YES;
				CLANG_ENABLE_OBJC_ARC = YES;
				CLANG_ENABLE_OBJC_WEAK = YES;
				CLANG_WARN_BLOCK_CAPTURE_AUTORELEASING = YES;
				CLANG_WARN_BOOL_CONVERSION = YES;
				CLANG_WARN_COMMA = YES;
				CLANG_WARN_CONSTANT_CONVERSION = YES;
				CLANG_WARN_DEPRECATED_OBJC_IMPLEMENTATIONS = YES;
				CLANG_WARN_DIRECT_OBJC_ISA_USAGE = YES_ERROR;
				CLANG_WARN_DOCUMENTATION_COMMENTS = YES;
				CLANG_WARN_EMPTY_BODY = YES;
				CLANG_WARN_ENUM_CONVERSION = YES;
				CLANG_WARN_INFINITE_RECURSION = YES;
				CLANG_WARN_INT_CONVERSION = YES;
				CLANG_WARN_NON_LITERAL_NULL_CONVERSION = YES;
				CLANG_WARN_OBJC_IMPLICIT_RETAIN_SELF = YES;
				CLANG_WARN_OBJC_LITERAL_CONVERSION = YES;
				CLANG_WARN_OBJC_ROOT_CLASS = YES_ERROR;
				CLANG_WARN_QUOTED_INCLUDE_IN_FRAMEWORK_HEADER = YES;
				CLANG_WARN_RANGE_LOOP_ANALYSIS = YES;
				CLANG_WARN_STRICT_PROTOTYPES = YES;
				CLANG_WARN_SUSPICIOUS_MOVE = YES;
				CLANG_WARN_UNGUARDED_AVAILABILITY = YES_AGGRESSIVE;
				CLANG_WARN_UNREACHABLE_CODE = YES;
				CLANG_WARN__DUPLICATE_METHOD_MATCH = YES;
				COPY_PHASE_STRIP = NO;
				DEBUG_INFORMATION_FORMAT = dwarf;
				ENABLE_STRICT_OBJC_MSGSEND = YES;
				ENABLE_TESTABILITY = YES;
				ENABLE_USER_SCRIPT_SANDBOXING = YES;
				GCC_C_LANGUAGE_STANDARD = gnu17;
				GCC_DYNAMIC_NO_PIC = NO;
				GCC_NO_COMMON_BLOCKS = YES;
				GCC_OPTIMIZATION_LEVEL = 0;
				GCC_PREPROCESSOR_DEFINITIONS = (
					"DEBUG=1",
					"$(inherited)",
				);
				GCC_WARN_64_TO_32_BIT_CONVERSION = YES;
				GCC_WARN_ABOUT_RETURN_TYPE = YES_ERROR;
				GCC_WARN_UNDECLARED_SELECTOR = YES;
				GCC_WARN_UNINITIALIZED_AUTOS = YES_AGGRESSIVE;
				GCC_WARN_UNUSED_FUNCTION = YES;
				GCC_WARN_UNUSED_VARIABLE = YES;
				IPHONEOS_DEPLOYMENT_TARGET = 17.0;
				LOCALIZATION_PREFERS_STRING_CATALOGS = YES;
				MTL_ENABLE_DEBUG_INFO = INCLUDE_SOURCE;
				MTL_FAST_MATH = YES;
				ONLY_ACTIVE_ARCH = YES;
				SDKROOT = iphoneos;
				SWIFT_ACTIVE_COMPILATION_CONDITIONS = "DEBUG $(inherited)";
				SWIFT_OPTIMIZATION_LEVEL = "-Onone";
			};
			name = Debug;
		};
		57BB1B5E2AD667C200516897 /* Release */ = {
			isa = XCBuildConfiguration;
			buildSettings = {
				ALWAYS_SEARCH_USER_PATHS = NO;
				ASSETCATALOG_COMPILER_GENERATE_SWIFT_ASSET_SYMBOL_EXTENSIONS = YES;
				CLANG_ANALYZER_NONNULL = YES;
				CLANG_ANALYZER_NUMBER_OBJECT_CONVERSION = YES_AGGRESSIVE;
				CLANG_CXX_LANGUAGE_STANDARD = "gnu++20";
				CLANG_ENABLE_MODULES = YES;
				CLANG_ENABLE_OBJC_ARC = YES;
				CLANG_ENABLE_OBJC_WEAK = YES;
				CLANG_WARN_BLOCK_CAPTURE_AUTORELEASING = YES;
				CLANG_WARN_BOOL_CONVERSION = YES;
				CLANG_WARN_COMMA = YES;
				CLANG_WARN_CONSTANT_CONVERSION = YES;
				CLANG_WARN_DEPRECATED_OBJC_IMPLEMENTATIONS = YES;
				CLANG_WARN_DIRECT_OBJC_ISA_USAGE = YES_ERROR;
				CLANG_WARN_DOCUMENTATION_COMMENTS = YES;
				CLANG_WARN_EMPTY_BODY = YES;
				CLANG_WARN_ENUM_CONVERSION = YES;
				CLANG_WARN_INFINITE_RECURSION = YES;
				CLANG_WARN_INT_CONVERSION = YES;
				CLANG_WARN_NON_LITERAL_NULL_CONVERSION = YES;
				CLANG_WARN_OBJC_IMPLICIT_RETAIN_SELF = YES;
				CLANG_WARN_OBJC_LITERAL_CONVERSION = YES;
				CLANG_WARN_OBJC_ROOT_CLASS = YES_ERROR;
				CLANG_WARN_QUOTED_INCLUDE_IN_FRAMEWORK_HEADER = YES;
				CLANG_WARN_RANGE_LOOP_ANALYSIS = YES;
				CLANG_WARN_STRICT_PROTOTYPES = YES;
				CLANG_WARN_SUSPICIOUS_MOVE = YES;
				CLANG_WARN_UNGUARDED_AVAILABILITY = YES_AGGRESSIVE;
				CLANG_WARN_UNREACHABLE_CODE = YES;
				CLANG_WARN__DUPLICATE_METHOD_MATCH = YES;
				COPY_PHASE_STRIP = NO;
				DEBUG_INFORMATION_FORMAT = "dwarf-with-dsym";
				ENABLE_NS_ASSERTIONS = NO;
				ENABLE_STRICT_OBJC_MSGSEND = YES;
				ENABLE_USER_SCRIPT_SANDBOXING = YES;
				GCC_C_LANGUAGE_STANDARD = gnu17;
				GCC_NO_COMMON_BLOCKS = YES;
				GCC_WARN_64_TO_32_BIT_CONVERSION = YES;
				GCC_WARN_ABOUT_RETURN_TYPE = YES_ERROR;
				GCC_WARN_UNDECLARED_SELECTOR = YES;
				GCC_WARN_UNINITIALIZED_AUTOS = YES_AGGRESSIVE;
				GCC_WARN_UNUSED_FUNCTION = YES;
				GCC_WARN_UNUSED_VARIABLE = YES;
				IPHONEOS_DEPLOYMENT_TARGET = 17.0;
				LOCALIZATION_PREFERS_STRING_CATALOGS = YES;
				MTL_ENABLE_DEBUG_INFO = NO;
				MTL_FAST_MATH = YES;
				SDKROOT = iphoneos;
				SWIFT_COMPILATION_MODE = wholemodule;
				VALIDATE_PRODUCT = YES;
			};
			name = Release;
		};
		57BB1B602AD667C200516897 /* Debug */ = {
			isa = XCBuildConfiguration;
			buildSettings = {
				ASSETCATALOG_COMPILER_APPICON_NAME = AppIcon;
				ASSETCATALOG_COMPILER_GLOBAL_ACCENT_COLOR_NAME = AccentColor;
				CODE_SIGN_STYLE = Automatic;
				CURRENT_PROJECT_VERSION = 1;
				DEVELOPMENT_TEAM = 5DFZR8RCQR;
				GENERATE_INFOPLIST_FILE = YES;
				INFOPLIST_FILE = Mission5/Info.plist;
				INFOPLIST_KEY_UIApplicationSupportsIndirectInputEvents = YES;
				INFOPLIST_KEY_UILaunchStoryboardName = LaunchScreen;
				INFOPLIST_KEY_UIMainStoryboardFile = "";
				INFOPLIST_KEY_UISupportedInterfaceOrientations_iPad = "UIInterfaceOrientationPortrait UIInterfaceOrientationPortraitUpsideDown UIInterfaceOrientationLandscapeLeft UIInterfaceOrientationLandscapeRight";
				INFOPLIST_KEY_UISupportedInterfaceOrientations_iPhone = "UIInterfaceOrientationPortrait UIInterfaceOrientationLandscapeLeft UIInterfaceOrientationLandscapeRight";
				LD_RUNPATH_SEARCH_PATHS = (
					"$(inherited)",
					"@executable_path/Frameworks",
				);
				MARKETING_VERSION = 1.0;
				PRODUCT_BUNDLE_IDENTIFIER = com.project.umc.5th.Mission5;
				PRODUCT_NAME = "$(TARGET_NAME)";
				SWIFT_EMIT_LOC_STRINGS = YES;
				SWIFT_VERSION = 5.0;
				TARGETED_DEVICE_FAMILY = "1,2";
			};
			name = Debug;
		};
		57BB1B612AD667C200516897 /* Release */ = {
			isa = XCBuildConfiguration;
			buildSettings = {
				ASSETCATALOG_COMPILER_APPICON_NAME = AppIcon;
				ASSETCATALOG_COMPILER_GLOBAL_ACCENT_COLOR_NAME = AccentColor;
				CODE_SIGN_STYLE = Automatic;
				CURRENT_PROJECT_VERSION = 1;
				DEVELOPMENT_TEAM = 5DFZR8RCQR;
				GENERATE_INFOPLIST_FILE = YES;
				INFOPLIST_FILE = Mission5/Info.plist;
				INFOPLIST_KEY_UIApplicationSupportsIndirectInputEvents = YES;
				INFOPLIST_KEY_UILaunchStoryboardName = LaunchScreen;
				INFOPLIST_KEY_UIMainStoryboardFile = "";
				INFOPLIST_KEY_UISupportedInterfaceOrientations_iPad = "UIInterfaceOrientationPortrait UIInterfaceOrientationPortraitUpsideDown UIInterfaceOrientationLandscapeLeft UIInterfaceOrientationLandscapeRight";
				INFOPLIST_KEY_UISupportedInterfaceOrientations_iPhone = "UIInterfaceOrientationPortrait UIInterfaceOrientationLandscapeLeft UIInterfaceOrientationLandscapeRight";
				LD_RUNPATH_SEARCH_PATHS = (
					"$(inherited)",
					"@executable_path/Frameworks",
				);
				MARKETING_VERSION = 1.0;
				PRODUCT_BUNDLE_IDENTIFIER = com.project.umc.5th.Mission5;
				PRODUCT_NAME = "$(TARGET_NAME)";
				SWIFT_EMIT_LOC_STRINGS = YES;
				SWIFT_VERSION = 5.0;
				TARGETED_DEVICE_FAMILY = "1,2";
			};
			name = Release;
		};
/* End XCBuildConfiguration section */

/* Begin XCConfigurationList section */
		57BB1B462AD667C000516897 /* Build configuration list for PBXProject "Mission5" */ = {
			isa = XCConfigurationList;
			buildConfigurations = (
				57BB1B5D2AD667C200516897 /* Debug */,
				57BB1B5E2AD667C200516897 /* Release */,
			);
			defaultConfigurationIsVisible = 0;
			defaultConfigurationName = Release;
		};
		57BB1B5F2AD667C200516897 /* Build configuration list for PBXNativeTarget "Mission5" */ = {
			isa = XCConfigurationList;
			buildConfigurations = (
				57BB1B602AD667C200516897 /* Debug */,
				57BB1B612AD667C200516897 /* Release */,
			);
			defaultConfigurationIsVisible = 0;
			defaultConfigurationName = Release;
		};
/* End XCConfigurationList section */

/* Begin XCRemoteSwiftPackageReference section */
		57BB1B622AD6686E00516897 /* XCRemoteSwiftPackageReference "kakao-ios-sdk" */ = {
			isa = XCRemoteSwiftPackageReference;
			repositoryURL = "https://github.com/kakao/kakao-ios-sdk";
			requirement = {
				kind = upToNextMajorVersion;
				minimumVersion = 2.18.0;
			};
		};
		57BB1B692AD6687B00516897 /* XCRemoteSwiftPackageReference "SnapKit" */ = {
			isa = XCRemoteSwiftPackageReference;
			repositoryURL = "https://github.com/SnapKit/SnapKit";
			requirement = {
				kind = upToNextMajorVersion;
				minimumVersion = 5.6.0;
			};
		};
/* End XCRemoteSwiftPackageReference section */

/* Begin XCSwiftPackageProductDependency section */
		57BB1B632AD6686E00516897 /* KakaoSDK */ = {
			isa = XCSwiftPackageProductDependency;
			package = 57BB1B622AD6686E00516897 /* XCRemoteSwiftPackageReference "kakao-ios-sdk" */;
			productName = KakaoSDK;
		};
		57BB1B652AD6686E00516897 /* KakaoSDKAuth */ = {
			isa = XCSwiftPackageProductDependency;
			package = 57BB1B622AD6686E00516897 /* XCRemoteSwiftPackageReference "kakao-ios-sdk" */;
			productName = KakaoSDKAuth;
		};
		57BB1B672AD6686E00516897 /* KakaoSDKCommon */ = {
			isa = XCSwiftPackageProductDependency;
			package = 57BB1B622AD6686E00516897 /* XCRemoteSwiftPackageReference "kakao-ios-sdk" */;
			productName = KakaoSDKCommon;
		};
		57BB1B6A2AD6687B00516897 /* SnapKit */ = {
			isa = XCSwiftPackageProductDependency;
			package = 57BB1B692AD6687B00516897 /* XCRemoteSwiftPackageReference "SnapKit" */;
			productName = SnapKit;
		};
		57BB1B6C2AD6687B00516897 /* SnapKit-Dynamic */ = {
			isa = XCSwiftPackageProductDependency;
			package = 57BB1B692AD6687B00516897 /* XCRemoteSwiftPackageReference "SnapKit" */;
			productName = "SnapKit-Dynamic";
		};
/* End XCSwiftPackageProductDependency section */
	};
	rootObject = 57BB1B432AD667C000516897 /* Project object */;
}
