// !$*UTF8*$!
{
	archiveVersion = 1;
	classes = {
	};
	objectVersion = 56;
	objects = {

/* Begin PBXBuildFile section */
		6C0775142AFA1DEA003B3EA4 /* week6_missionApp.swift in Sources */ = {isa = PBXBuildFile; fileRef = 6C0775132AFA1DEA003B3EA4 /* week6_missionApp.swift */; };
		6C0775162AFA1DEA003B3EA4 /* ContentView.swift in Sources */ = {isa = PBXBuildFile; fileRef = 6C0775152AFA1DEA003B3EA4 /* ContentView.swift */; };
		6C0775182AFA1DEA003B3EA4 /* Assets.xcassets in Resources */ = {isa = PBXBuildFile; fileRef = 6C0775172AFA1DEA003B3EA4 /* Assets.xcassets */; };
		6C07751B2AFA1DEA003B3EA4 /* Preview Assets.xcassets in Resources */ = {isa = PBXBuildFile; fileRef = 6C07751A2AFA1DEA003B3EA4 /* Preview Assets.xcassets */; };
		6C0775222AFA1E52003B3EA4 /* ButtonView.swift in Sources */ = {isa = PBXBuildFile; fileRef = 6C0775212AFA1E52003B3EA4 /* ButtonView.swift */; };
		6C0775242AFA2143003B3EA4 /* HomeView.swift in Sources */ = {isa = PBXBuildFile; fileRef = 6C0775232AFA2143003B3EA4 /* HomeView.swift */; };
		6C0775262AFA26E9003B3EA4 /* MenuButtonView.swift in Sources */ = {isa = PBXBuildFile; fileRef = 6C0775252AFA26E9003B3EA4 /* MenuButtonView.swift */; };
		6C1D00AA2AFB748900A4D32A /* Color.swift in Sources */ = {isa = PBXBuildFile; fileRef = 6C1D00A92AFB748900A4D32A /* Color.swift */; };
		6C1D00AC2AFB7E2500A4D32A /* SearchBarView.swift in Sources */ = {isa = PBXBuildFile; fileRef = 6C1D00AB2AFB7E2500A4D32A /* SearchBarView.swift */; };
		6C1D00AE2AFB927D00A4D32A /* TabType.swift in Sources */ = {isa = PBXBuildFile; fileRef = 6C1D00AD2AFB927D00A4D32A /* TabType.swift */; };
		6C1D00B02AFB929F00A4D32A /* tapBarView.swift in Sources */ = {isa = PBXBuildFile; fileRef = 6C1D00AF2AFB929F00A4D32A /* tapBarView.swift */; };
/* End PBXBuildFile section */

/* Begin PBXFileReference section */
		6C0775102AFA1DEA003B3EA4 /* week6_mission.app */ = {isa = PBXFileReference; explicitFileType = wrapper.application; includeInIndex = 0; path = week6_mission.app; sourceTree = BUILT_PRODUCTS_DIR; };
		6C0775132AFA1DEA003B3EA4 /* week6_missionApp.swift */ = {isa = PBXFileReference; lastKnownFileType = sourcecode.swift; path = week6_missionApp.swift; sourceTree = "<group>"; };
		6C0775152AFA1DEA003B3EA4 /* ContentView.swift */ = {isa = PBXFileReference; lastKnownFileType = sourcecode.swift; path = ContentView.swift; sourceTree = "<group>"; };
		6C0775172AFA1DEA003B3EA4 /* Assets.xcassets */ = {isa = PBXFileReference; lastKnownFileType = folder.assetcatalog; path = Assets.xcassets; sourceTree = "<group>"; };
		6C07751A2AFA1DEA003B3EA4 /* Preview Assets.xcassets */ = {isa = PBXFileReference; lastKnownFileType = folder.assetcatalog; path = "Preview Assets.xcassets"; sourceTree = "<group>"; };
		6C0775212AFA1E52003B3EA4 /* ButtonView.swift */ = {isa = PBXFileReference; lastKnownFileType = sourcecode.swift; path = ButtonView.swift; sourceTree = "<group>"; };
		6C0775232AFA2143003B3EA4 /* HomeView.swift */ = {isa = PBXFileReference; lastKnownFileType = sourcecode.swift; path = HomeView.swift; sourceTree = "<group>"; };
		6C0775252AFA26E9003B3EA4 /* MenuButtonView.swift */ = {isa = PBXFileReference; lastKnownFileType = sourcecode.swift; path = MenuButtonView.swift; sourceTree = "<group>"; };
		6C1D00A92AFB748900A4D32A /* Color.swift */ = {isa = PBXFileReference; lastKnownFileType = sourcecode.swift; path = Color.swift; sourceTree = "<group>"; };
		6C1D00AB2AFB7E2500A4D32A /* SearchBarView.swift */ = {isa = PBXFileReference; lastKnownFileType = sourcecode.swift; path = SearchBarView.swift; sourceTree = "<group>"; };
		6C1D00AD2AFB927D00A4D32A /* TabType.swift */ = {isa = PBXFileReference; lastKnownFileType = sourcecode.swift; path = TabType.swift; sourceTree = "<group>"; };
		6C1D00AF2AFB929F00A4D32A /* tapBarView.swift */ = {isa = PBXFileReference; lastKnownFileType = sourcecode.swift; path = tapBarView.swift; sourceTree = "<group>"; };
/* End PBXFileReference section */

/* Begin PBXFrameworksBuildPhase section */
		6C07750D2AFA1DEA003B3EA4 /* Frameworks */ = {
			isa = PBXFrameworksBuildPhase;
			buildActionMask = 2147483647;
			files = (
			);
			runOnlyForDeploymentPostprocessing = 0;
		};
/* End PBXFrameworksBuildPhase section */

/* Begin PBXGroup section */
		6C0775072AFA1DEA003B3EA4 = {
			isa = PBXGroup;
			children = (
				6C0775122AFA1DEA003B3EA4 /* week6_mission */,
				6C0775112AFA1DEA003B3EA4 /* Products */,
			);
			sourceTree = "<group>";
		};
		6C0775112AFA1DEA003B3EA4 /* Products */ = {
			isa = PBXGroup;
			children = (
				6C0775102AFA1DEA003B3EA4 /* week6_mission.app */,
			);
			name = Products;
			sourceTree = "<group>";
		};
		6C0775122AFA1DEA003B3EA4 /* week6_mission */ = {
			isa = PBXGroup;
			children = (
				6C1D00AB2AFB7E2500A4D32A /* SearchBarView.swift */,
				6C1D00A92AFB748900A4D32A /* Color.swift */,
				6C0775132AFA1DEA003B3EA4 /* week6_missionApp.swift */,
				6C0775152AFA1DEA003B3EA4 /* ContentView.swift */,
				6C0775172AFA1DEA003B3EA4 /* Assets.xcassets */,
				6C0775192AFA1DEA003B3EA4 /* Preview Content */,
				6C0775212AFA1E52003B3EA4 /* ButtonView.swift */,
				6C0775232AFA2143003B3EA4 /* HomeView.swift */,
				6C1D00AF2AFB929F00A4D32A /* tapBarView.swift */,
				6C1D00AD2AFB927D00A4D32A /* TabType.swift */,
				6C0775252AFA26E9003B3EA4 /* MenuButtonView.swift */,
			);
			path = week6_mission;
			sourceTree = "<group>";
		};
		6C0775192AFA1DEA003B3EA4 /* Preview Content */ = {
			isa = PBXGroup;
			children = (
				6C07751A2AFA1DEA003B3EA4 /* Preview Assets.xcassets */,
			);
			path = "Preview Content";
			sourceTree = "<group>";
		};
/* End PBXGroup section */

/* Begin PBXNativeTarget section */
		6C07750F2AFA1DEA003B3EA4 /* week6_mission */ = {
			isa = PBXNativeTarget;
			buildConfigurationList = 6C07751E2AFA1DEA003B3EA4 /* Build configuration list for PBXNativeTarget "week6_mission" */;
			buildPhases = (
				6C07750C2AFA1DEA003B3EA4 /* Sources */,
				6C07750D2AFA1DEA003B3EA4 /* Frameworks */,
				6C07750E2AFA1DEA003B3EA4 /* Resources */,
			);
			buildRules = (
			);
			dependencies = (
			);
			name = week6_mission;
			productName = week6_mission;
			productReference = 6C0775102AFA1DEA003B3EA4 /* week6_mission.app */;
			productType = "com.apple.product-type.application";
		};
/* End PBXNativeTarget section */

/* Begin PBXProject section */
		6C0775082AFA1DEA003B3EA4 /* Project object */ = {
			isa = PBXProject;
			attributes = {
				BuildIndependentTargetsInParallel = 1;
				LastSwiftUpdateCheck = 1420;
				LastUpgradeCheck = 1420;
				TargetAttributes = {
					6C07750F2AFA1DEA003B3EA4 = {
						CreatedOnToolsVersion = 14.2;
					};
				};
			};
			buildConfigurationList = 6C07750B2AFA1DEA003B3EA4 /* Build configuration list for PBXProject "week6_mission" */;
			compatibilityVersion = "Xcode 14.0";
			developmentRegion = en;
			hasScannedForEncodings = 0;
			knownRegions = (
				en,
				Base,
			);
			mainGroup = 6C0775072AFA1DEA003B3EA4;
			productRefGroup = 6C0775112AFA1DEA003B3EA4 /* Products */;
			projectDirPath = "";
			projectRoot = "";
			targets = (
				6C07750F2AFA1DEA003B3EA4 /* week6_mission */,
			);
		};
/* End PBXProject section */

/* Begin PBXResourcesBuildPhase section */
		6C07750E2AFA1DEA003B3EA4 /* Resources */ = {
			isa = PBXResourcesBuildPhase;
			buildActionMask = 2147483647;
			files = (
				6C07751B2AFA1DEA003B3EA4 /* Preview Assets.xcassets in Resources */,
				6C0775182AFA1DEA003B3EA4 /* Assets.xcassets in Resources */,
			);
			runOnlyForDeploymentPostprocessing = 0;
		};
/* End PBXResourcesBuildPhase section */

/* Begin PBXSourcesBuildPhase section */
		6C07750C2AFA1DEA003B3EA4 /* Sources */ = {
			isa = PBXSourcesBuildPhase;
			buildActionMask = 2147483647;
			files = (
				6C0775162AFA1DEA003B3EA4 /* ContentView.swift in Sources */,
				6C1D00AE2AFB927D00A4D32A /* TabType.swift in Sources */,
				6C0775242AFA2143003B3EA4 /* HomeView.swift in Sources */,
				6C0775142AFA1DEA003B3EA4 /* week6_missionApp.swift in Sources */,
				6C1D00B02AFB929F00A4D32A /* tapBarView.swift in Sources */,
				6C1D00AC2AFB7E2500A4D32A /* SearchBarView.swift in Sources */,
				6C0775262AFA26E9003B3EA4 /* MenuButtonView.swift in Sources */,
				6C0775222AFA1E52003B3EA4 /* ButtonView.swift in Sources */,
				6C1D00AA2AFB748900A4D32A /* Color.swift in Sources */,
			);
			runOnlyForDeploymentPostprocessing = 0;
		};
/* End PBXSourcesBuildPhase section */

/* Begin XCBuildConfiguration section */
		6C07751C2AFA1DEA003B3EA4 /* Debug */ = {
			isa = XCBuildConfiguration;
			buildSettings = {
				ALWAYS_SEARCH_USER_PATHS = NO;
				CLANG_ANALYZER_NONNULL = YES;
				CLANG_ANALYZER_NUMBER_OBJECT_CONVERSION = YES_AGGRESSIVE;
				CLANG_CXX_LANGUAGE_STANDARD = "gnu++20";
				CLANG_ENABLE_MODULES = YES;
				CLANG_ENABLE_OBJC_ARC = YES;
				CLANG_ENABLE_OBJC_WEAK = YES;
				CLANG_WARN_BLOCK_CAPTURE_AUTORELEASING = YES;
				CLANG_WARN_BOOL_CONVERSION = YES;
				CLANG_WARN_COMMA = YES;
				CLANG_WARN_CONSTANT_CONVERSION = YES;
				CLANG_WARN_DEPRECATED_OBJC_IMPLEMENTATIONS = YES;
				CLANG_WARN_DIRECT_OBJC_ISA_USAGE = YES_ERROR;
				CLANG_WARN_DOCUMENTATION_COMMENTS = YES;
				CLANG_WARN_EMPTY_BODY = YES;
				CLANG_WARN_ENUM_CONVERSION = YES;
				CLANG_WARN_INFINITE_RECURSION = YES;
				CLANG_WARN_INT_CONVERSION = YES;
				CLANG_WARN_NON_LITERAL_NULL_CONVERSION = YES;
				CLANG_WARN_OBJC_IMPLICIT_RETAIN_SELF = YES;
				CLANG_WARN_OBJC_LITERAL_CONVERSION = YES;
				CLANG_WARN_OBJC_ROOT_CLASS = YES_ERROR;
				CLANG_WARN_QUOTED_INCLUDE_IN_FRAMEWORK_HEADER = YES;
				CLANG_WARN_RANGE_LOOP_ANALYSIS = YES;
				CLANG_WARN_STRICT_PROTOTYPES = YES;
				CLANG_WARN_SUSPICIOUS_MOVE = YES;
				CLANG_WARN_UNGUARDED_AVAILABILITY = YES_AGGRESSIVE;
				CLANG_WARN_UNREACHABLE_CODE = YES;
				CLANG_WARN__DUPLICATE_METHOD_MATCH = YES;
				COPY_PHASE_STRIP = NO;
				DEBUG_INFORMATION_FORMAT = dwarf;
				ENABLE_STRICT_OBJC_MSGSEND = YES;
				ENABLE_TESTABILITY = YES;
				GCC_C_LANGUAGE_STANDARD = gnu11;
				GCC_DYNAMIC_NO_PIC = NO;
				GCC_NO_COMMON_BLOCKS = YES;
				GCC_OPTIMIZATION_LEVEL = 0;
				GCC_PREPROCESSOR_DEFINITIONS = (
					"DEBUG=1",
					"$(inherited)",
				);
				GCC_WARN_64_TO_32_BIT_CONVERSION = YES;
				GCC_WARN_ABOUT_RETURN_TYPE = YES_ERROR;
				GCC_WARN_UNDECLARED_SELECTOR = YES;
				GCC_WARN_UNINITIALIZED_AUTOS = YES_AGGRESSIVE;
				GCC_WARN_UNUSED_FUNCTION = YES;
				GCC_WARN_UNUSED_VARIABLE = YES;
				IPHONEOS_DEPLOYMENT_TARGET = 16.2;
				MTL_ENABLE_DEBUG_INFO = INCLUDE_SOURCE;
				MTL_FAST_MATH = YES;
				ONLY_ACTIVE_ARCH = YES;
				SDKROOT = iphoneos;
				SWIFT_ACTIVE_COMPILATION_CONDITIONS = DEBUG;
				SWIFT_OPTIMIZATION_LEVEL = "-Onone";
			};
			name = Debug;
		};
		6C07751D2AFA1DEA003B3EA4 /* Release */ = {
			isa = XCBuildConfiguration;
			buildSettings = {
				ALWAYS_SEARCH_USER_PATHS = NO;
				CLANG_ANALYZER_NONNULL = YES;
				CLANG_ANALYZER_NUMBER_OBJECT_CONVERSION = YES_AGGRESSIVE;
				CLANG_CXX_LANGUAGE_STANDARD = "gnu++20";
				CLANG_ENABLE_MODULES = YES;
				CLANG_ENABLE_OBJC_ARC = YES;
				CLANG_ENABLE_OBJC_WEAK = YES;
				CLANG_WARN_BLOCK_CAPTURE_AUTORELEASING = YES;
				CLANG_WARN_BOOL_CONVERSION = YES;
				CLANG_WARN_COMMA = YES;
				CLANG_WARN_CONSTANT_CONVERSION = YES;
				CLANG_WARN_DEPRECATED_OBJC_IMPLEMENTATIONS = YES;
				CLANG_WARN_DIRECT_OBJC_ISA_USAGE = YES_ERROR;
				CLANG_WARN_DOCUMENTATION_COMMENTS = YES;
				CLANG_WARN_EMPTY_BODY = YES;
				CLANG_WARN_ENUM_CONVERSION = YES;
				CLANG_WARN_INFINITE_RECURSION = YES;
				CLANG_WARN_INT_CONVERSION = YES;
				CLANG_WARN_NON_LITERAL_NULL_CONVERSION = YES;
				CLANG_WARN_OBJC_IMPLICIT_RETAIN_SELF = YES;
				CLANG_WARN_OBJC_LITERAL_CONVERSION = YES;
				CLANG_WARN_OBJC_ROOT_CLASS = YES_ERROR;
				CLANG_WARN_QUOTED_INCLUDE_IN_FRAMEWORK_HEADER = YES;
				CLANG_WARN_RANGE_LOOP_ANALYSIS = YES;
				CLANG_WARN_STRICT_PROTOTYPES = YES;
				CLANG_WARN_SUSPICIOUS_MOVE = YES;
				CLANG_WARN_UNGUARDED_AVAILABILITY = YES_AGGRESSIVE;
				CLANG_WARN_UNREACHABLE_CODE = YES;
				CLANG_WARN__DUPLICATE_METHOD_MATCH = YES;
				COPY_PHASE_STRIP = NO;
				DEBUG_INFORMATION_FORMAT = "dwarf-with-dsym";
				ENABLE_NS_ASSERTIONS = NO;
				ENABLE_STRICT_OBJC_MSGSEND = YES;
				GCC_C_LANGUAGE_STANDARD = gnu11;
				GCC_NO_COMMON_BLOCKS = YES;
				GCC_WARN_64_TO_32_BIT_CONVERSION = YES;
				GCC_WARN_ABOUT_RETURN_TYPE = YES_ERROR;
				GCC_WARN_UNDECLARED_SELECTOR = YES;
				GCC_WARN_UNINITIALIZED_AUTOS = YES_AGGRESSIVE;
				GCC_WARN_UNUSED_FUNCTION = YES;
				GCC_WARN_UNUSED_VARIABLE = YES;
				IPHONEOS_DEPLOYMENT_TARGET = 16.2;
				MTL_ENABLE_DEBUG_INFO = NO;
				MTL_FAST_MATH = YES;
				SDKROOT = iphoneos;
				SWIFT_COMPILATION_MODE = wholemodule;
				SWIFT_OPTIMIZATION_LEVEL = "-O";
				VALIDATE_PRODUCT = YES;
			};
			name = Release;
		};
		6C07751F2AFA1DEA003B3EA4 /* Debug */ = {
			isa = XCBuildConfiguration;
			buildSettings = {
				ASSETCATALOG_COMPILER_APPICON_NAME = AppIcon;
				ASSETCATALOG_COMPILER_GLOBAL_ACCENT_COLOR_NAME = AccentColor;
				CODE_SIGN_STYLE = Automatic;
				CURRENT_PROJECT_VERSION = 1;
				DEVELOPMENT_ASSET_PATHS = "\"week6_mission/Preview Content\"";
				DEVELOPMENT_TEAM = 4YH4UGRTMH;
				ENABLE_PREVIEWS = YES;
				GENERATE_INFOPLIST_FILE = YES;
				INFOPLIST_KEY_UIApplicationSceneManifest_Generation = YES;
				INFOPLIST_KEY_UIApplicationSupportsIndirectInputEvents = YES;
				INFOPLIST_KEY_UILaunchScreen_Generation = YES;
				INFOPLIST_KEY_UISupportedInterfaceOrientations_iPad = "UIInterfaceOrientationPortrait UIInterfaceOrientationPortraitUpsideDown UIInterfaceOrientationLandscapeLeft UIInterfaceOrientationLandscapeRight";
				INFOPLIST_KEY_UISupportedInterfaceOrientations_iPhone = "UIInterfaceOrientationPortrait UIInterfaceOrientationLandscapeLeft UIInterfaceOrientationLandscapeRight";
				LD_RUNPATH_SEARCH_PATHS = (
					"$(inherited)",
					"@executable_path/Frameworks",
				);
				MARKETING_VERSION = 1.0;
				PRODUCT_BUNDLE_IDENTIFIER = "hsb.week6-mission";
				PRODUCT_NAME = "$(TARGET_NAME)";
				SWIFT_EMIT_LOC_STRINGS = YES;
				SWIFT_VERSION = 5.0;
				TARGETED_DEVICE_FAMILY = "1,2";
			};
			name = Debug;
		};
		6C0775202AFA1DEA003B3EA4 /* Release */ = {
			isa = XCBuildConfiguration;
			buildSettings = {
				ASSETCATALOG_COMPILER_APPICON_NAME = AppIcon;
				ASSETCATALOG_COMPILER_GLOBAL_ACCENT_COLOR_NAME = AccentColor;
				CODE_SIGN_STYLE = Automatic;
				CURRENT_PROJECT_VERSION = 1;
				DEVELOPMENT_ASSET_PATHS = "\"week6_mission/Preview Content\"";
				DEVELOPMENT_TEAM = 4YH4UGRTMH;
				ENABLE_PREVIEWS = YES;
				GENERATE_INFOPLIST_FILE = YES;
				INFOPLIST_KEY_UIApplicationSceneManifest_Generation = YES;
				INFOPLIST_KEY_UIApplicationSupportsIndirectInputEvents = YES;
				INFOPLIST_KEY_UILaunchScreen_Generation = YES;
				INFOPLIST_KEY_UISupportedInterfaceOrientations_iPad = "UIInterfaceOrientationPortrait UIInterfaceOrientationPortraitUpsideDown UIInterfaceOrientationLandscapeLeft UIInterfaceOrientationLandscapeRight";
				INFOPLIST_KEY_UISupportedInterfaceOrientations_iPhone = "UIInterfaceOrientationPortrait UIInterfaceOrientationLandscapeLeft UIInterfaceOrientationLandscapeRight";
				LD_RUNPATH_SEARCH_PATHS = (
					"$(inherited)",
					"@executable_path/Frameworks",
				);
				MARKETING_VERSION = 1.0;
				PRODUCT_BUNDLE_IDENTIFIER = "hsb.week6-mission";
				PRODUCT_NAME = "$(TARGET_NAME)";
				SWIFT_EMIT_LOC_STRINGS = YES;
				SWIFT_VERSION = 5.0;
				TARGETED_DEVICE_FAMILY = "1,2";
			};
			name = Release;
		};
/* End XCBuildConfiguration section */

/* Begin XCConfigurationList section */
		6C07750B2AFA1DEA003B3EA4 /* Build configuration list for PBXProject "week6_mission" */ = {
			isa = XCConfigurationList;
			buildConfigurations = (
				6C07751C2AFA1DEA003B3EA4 /* Debug */,
				6C07751D2AFA1DEA003B3EA4 /* Release */,
			);
			defaultConfigurationIsVisible = 0;
			defaultConfigurationName = Release;
		};
		6C07751E2AFA1DEA003B3EA4 /* Build configuration list for PBXNativeTarget "week6_mission" */ = {
			isa = XCConfigurationList;
			buildConfigurations = (
				6C07751F2AFA1DEA003B3EA4 /* Debug */,
				6C0775202AFA1DEA003B3EA4 /* Release */,
			);
			defaultConfigurationIsVisible = 0;
			defaultConfigurationName = Release;
		};
/* End XCConfigurationList section */
	};
	rootObject = 6C0775082AFA1DEA003B3EA4 /* Project object */;
}
