// !$*UTF8*$!
{
	archiveVersion = 1;
	classes = {
	};
	objectVersion = 56;
	objects = {

/* Begin PBXBuildFile section */
		3B76F0722AF8776A00B2BD1D /* SixWeek_MissionApp.swift in Sources */ = {isa = PBXBuildFile; fileRef = 3B76F0712AF8776A00B2BD1D /* SixWeek_MissionApp.swift */; };
		3B76F0742AF8776A00B2BD1D /* ContentView.swift in Sources */ = {isa = PBXBuildFile; fileRef = 3B76F0732AF8776A00B2BD1D /* ContentView.swift */; };
		3B76F0762AF8776C00B2BD1D /* Assets.xcassets in Resources */ = {isa = PBXBuildFile; fileRef = 3B76F0752AF8776C00B2BD1D /* Assets.xcassets */; };
		3B76F0792AF8776C00B2BD1D /* Preview Assets.xcassets in Resources */ = {isa = PBXBuildFile; fileRef = 3B76F0782AF8776C00B2BD1D /* Preview Assets.xcassets */; };
		3B76F0802AF8798400B2BD1D /* TopView.swift in Sources */ = {isa = PBXBuildFile; fileRef = 3B76F07F2AF8798400B2BD1D /* TopView.swift */; };
		3B76F0822AF8B5D400B2BD1D /* FirstItem.swift in Sources */ = {isa = PBXBuildFile; fileRef = 3B76F0812AF8B5D400B2BD1D /* FirstItem.swift */; };
		3B76F0862AF93C9600B2BD1D /* RoundedCorner.swift in Sources */ = {isa = PBXBuildFile; fileRef = 3B76F0852AF93C9600B2BD1D /* RoundedCorner.swift */; };
		3B76F0882AF93F5300B2BD1D /* OneHouseDeliver.swift in Sources */ = {isa = PBXBuildFile; fileRef = 3B76F0872AF93F5300B2BD1D /* OneHouseDeliver.swift */; };
		3B76F08A2AF9465D00B2BD1D /* OneElementButton.swift in Sources */ = {isa = PBXBuildFile; fileRef = 3B76F0892AF9465D00B2BD1D /* OneElementButton.swift */; };
/* End PBXBuildFile section */

/* Begin PBXFileReference section */
		3B76F06E2AF8776A00B2BD1D /* SixWeek_Mission.app */ = {isa = PBXFileReference; explicitFileType = wrapper.application; includeInIndex = 0; path = SixWeek_Mission.app; sourceTree = BUILT_PRODUCTS_DIR; };
		3B76F0712AF8776A00B2BD1D /* SixWeek_MissionApp.swift */ = {isa = PBXFileReference; lastKnownFileType = sourcecode.swift; path = SixWeek_MissionApp.swift; sourceTree = "<group>"; };
		3B76F0732AF8776A00B2BD1D /* ContentView.swift */ = {isa = PBXFileReference; lastKnownFileType = sourcecode.swift; path = ContentView.swift; sourceTree = "<group>"; };
		3B76F0752AF8776C00B2BD1D /* Assets.xcassets */ = {isa = PBXFileReference; lastKnownFileType = folder.assetcatalog; path = Assets.xcassets; sourceTree = "<group>"; };
		3B76F0782AF8776C00B2BD1D /* Preview Assets.xcassets */ = {isa = PBXFileReference; lastKnownFileType = folder.assetcatalog; path = "Preview Assets.xcassets"; sourceTree = "<group>"; };
		3B76F07F2AF8798400B2BD1D /* TopView.swift */ = {isa = PBXFileReference; lastKnownFileType = sourcecode.swift; path = TopView.swift; sourceTree = "<group>"; };
		3B76F0812AF8B5D400B2BD1D /* FirstItem.swift */ = {isa = PBXFileReference; lastKnownFileType = sourcecode.swift; path = FirstItem.swift; sourceTree = "<group>"; };
		3B76F0852AF93C9600B2BD1D /* RoundedCorner.swift */ = {isa = PBXFileReference; lastKnownFileType = sourcecode.swift; path = RoundedCorner.swift; sourceTree = "<group>"; };
		3B76F0872AF93F5300B2BD1D /* OneHouseDeliver.swift */ = {isa = PBXFileReference; lastKnownFileType = sourcecode.swift; path = OneHouseDeliver.swift; sourceTree = "<group>"; };
		3B76F0892AF9465D00B2BD1D /* OneElementButton.swift */ = {isa = PBXFileReference; lastKnownFileType = sourcecode.swift; path = OneElementButton.swift; sourceTree = "<group>"; };
/* End PBXFileReference section */

/* Begin PBXFrameworksBuildPhase section */
		3B76F06B2AF8776A00B2BD1D /* Frameworks */ = {
			isa = PBXFrameworksBuildPhase;
			buildActionMask = 2147483647;
			files = (
			);
			runOnlyForDeploymentPostprocessing = 0;
		};
/* End PBXFrameworksBuildPhase section */

/* Begin PBXGroup section */
		3B76F0652AF8776A00B2BD1D = {
			isa = PBXGroup;
			children = (
				3B76F0702AF8776A00B2BD1D /* SixWeek_Mission */,
				3B76F06F2AF8776A00B2BD1D /* Products */,
			);
			sourceTree = "<group>";
		};
		3B76F06F2AF8776A00B2BD1D /* Products */ = {
			isa = PBXGroup;
			children = (
				3B76F06E2AF8776A00B2BD1D /* SixWeek_Mission.app */,
			);
			name = Products;
			sourceTree = "<group>";
		};
		3B76F0702AF8776A00B2BD1D /* SixWeek_Mission */ = {
			isa = PBXGroup;
			children = (
				3B76F0712AF8776A00B2BD1D /* SixWeek_MissionApp.swift */,
				3B76F0732AF8776A00B2BD1D /* ContentView.swift */,
				3B76F0812AF8B5D400B2BD1D /* FirstItem.swift */,
				3B76F0872AF93F5300B2BD1D /* OneHouseDeliver.swift */,
				3B76F0892AF9465D00B2BD1D /* OneElementButton.swift */,
				3B76F0852AF93C9600B2BD1D /* RoundedCorner.swift */,
				3B76F07F2AF8798400B2BD1D /* TopView.swift */,
				3B76F0752AF8776C00B2BD1D /* Assets.xcassets */,
				3B76F0772AF8776C00B2BD1D /* Preview Content */,
			);
			path = SixWeek_Mission;
			sourceTree = "<group>";
		};
		3B76F0772AF8776C00B2BD1D /* Preview Content */ = {
			isa = PBXGroup;
			children = (
				3B76F0782AF8776C00B2BD1D /* Preview Assets.xcassets */,
			);
			path = "Preview Content";
			sourceTree = "<group>";
		};
/* End PBXGroup section */

/* Begin PBXNativeTarget section */
		3B76F06D2AF8776A00B2BD1D /* SixWeek_Mission */ = {
			isa = PBXNativeTarget;
			buildConfigurationList = 3B76F07C2AF8776C00B2BD1D /* Build configuration list for PBXNativeTarget "SixWeek_Mission" */;
			buildPhases = (
				3B76F06A2AF8776A00B2BD1D /* Sources */,
				3B76F06B2AF8776A00B2BD1D /* Frameworks */,
				3B76F06C2AF8776A00B2BD1D /* Resources */,
			);
			buildRules = (
			);
			dependencies = (
			);
			name = SixWeek_Mission;
			productName = SixWeek_Mission;
			productReference = 3B76F06E2AF8776A00B2BD1D /* SixWeek_Mission.app */;
			productType = "com.apple.product-type.application";
		};
/* End PBXNativeTarget section */

/* Begin PBXProject section */
		3B76F0662AF8776A00B2BD1D /* Project object */ = {
			isa = PBXProject;
			attributes = {
				BuildIndependentTargetsInParallel = 1;
				LastSwiftUpdateCheck = 1500;
				LastUpgradeCheck = 1500;
				TargetAttributes = {
					3B76F06D2AF8776A00B2BD1D = {
						CreatedOnToolsVersion = 15.0;
					};
				};
			};
			buildConfigurationList = 3B76F0692AF8776A00B2BD1D /* Build configuration list for PBXProject "SixWeek_Mission" */;
			compatibilityVersion = "Xcode 14.0";
			developmentRegion = en;
			hasScannedForEncodings = 0;
			knownRegions = (
				en,
				Base,
			);
			mainGroup = 3B76F0652AF8776A00B2BD1D;
			productRefGroup = 3B76F06F2AF8776A00B2BD1D /* Products */;
			projectDirPath = "";
			projectRoot = "";
			targets = (
				3B76F06D2AF8776A00B2BD1D /* SixWeek_Mission */,
			);
		};
/* End PBXProject section */

/* Begin PBXResourcesBuildPhase section */
		3B76F06C2AF8776A00B2BD1D /* Resources */ = {
			isa = PBXResourcesBuildPhase;
			buildActionMask = 2147483647;
			files = (
				3B76F0792AF8776C00B2BD1D /* Preview Assets.xcassets in Resources */,
				3B76F0762AF8776C00B2BD1D /* Assets.xcassets in Resources */,
			);
			runOnlyForDeploymentPostprocessing = 0;
		};
/* End PBXResourcesBuildPhase section */

/* Begin PBXSourcesBuildPhase section */
		3B76F06A2AF8776A00B2BD1D /* Sources */ = {
			isa = PBXSourcesBuildPhase;
			buildActionMask = 2147483647;
			files = (
				3B76F0742AF8776A00B2BD1D /* ContentView.swift in Sources */,
				3B76F0822AF8B5D400B2BD1D /* FirstItem.swift in Sources */,
				3B76F0862AF93C9600B2BD1D /* RoundedCorner.swift in Sources */,
				3B76F0882AF93F5300B2BD1D /* OneHouseDeliver.swift in Sources */,
				3B76F0802AF8798400B2BD1D /* TopView.swift in Sources */,
				3B76F0722AF8776A00B2BD1D /* SixWeek_MissionApp.swift in Sources */,
				3B76F08A2AF9465D00B2BD1D /* OneElementButton.swift in Sources */,
			);
			runOnlyForDeploymentPostprocessing = 0;
		};
/* End PBXSourcesBuildPhase section */

/* Begin XCBuildConfiguration section */
		3B76F07A2AF8776C00B2BD1D /* Debug */ = {
			isa = XCBuildConfiguration;
			buildSettings = {
				ALWAYS_SEARCH_USER_PATHS = NO;
				ASSETCATALOG_COMPILER_GENERATE_SWIFT_ASSET_SYMBOL_EXTENSIONS = YES;
				CLANG_ANALYZER_NONNULL = YES;
				CLANG_ANALYZER_NUMBER_OBJECT_CONVERSION = YES_AGGRESSIVE;
				CLANG_CXX_LANGUAGE_STANDARD = "gnu++20";
				CLANG_ENABLE_MODULES = YES;
				CLANG_ENABLE_OBJC_ARC = YES;
				CLANG_ENABLE_OBJC_WEAK = YES;
				CLANG_WARN_BLOCK_CAPTURE_AUTORELEASING = YES;
				CLANG_WARN_BOOL_CONVERSION = YES;
				CLANG_WARN_COMMA = YES;
				CLANG_WARN_CONSTANT_CONVERSION = YES;
				CLANG_WARN_DEPRECATED_OBJC_IMPLEMENTATIONS = YES;
				CLANG_WARN_DIRECT_OBJC_ISA_USAGE = YES_ERROR;
				CLANG_WARN_DOCUMENTATION_COMMENTS = YES;
				CLANG_WARN_EMPTY_BODY = YES;
				CLANG_WARN_ENUM_CONVERSION = YES;
				CLANG_WARN_INFINITE_RECURSION = YES;
				CLANG_WARN_INT_CONVERSION = YES;
				CLANG_WARN_NON_LITERAL_NULL_CONVERSION = YES;
				CLANG_WARN_OBJC_IMPLICIT_RETAIN_SELF = YES;
				CLANG_WARN_OBJC_LITERAL_CONVERSION = YES;
				CLANG_WARN_OBJC_ROOT_CLASS = YES_ERROR;
				CLANG_WARN_QUOTED_INCLUDE_IN_FRAMEWORK_HEADER = YES;
				CLANG_WARN_RANGE_LOOP_ANALYSIS = YES;
				CLANG_WARN_STRICT_PROTOTYPES = YES;
				CLANG_WARN_SUSPICIOUS_MOVE = YES;
				CLANG_WARN_UNGUARDED_AVAILABILITY = YES_AGGRESSIVE;
				CLANG_WARN_UNREACHABLE_CODE = YES;
				CLANG_WARN__DUPLICATE_METHOD_MATCH = YES;
				COPY_PHASE_STRIP = NO;
				DEBUG_INFORMATION_FORMAT = dwarf;
				ENABLE_STRICT_OBJC_MSGSEND = YES;
				ENABLE_TESTABILITY = YES;
				ENABLE_USER_SCRIPT_SANDBOXING = YES;
				GCC_C_LANGUAGE_STANDARD = gnu17;
				GCC_DYNAMIC_NO_PIC = NO;
				GCC_NO_COMMON_BLOCKS = YES;
				GCC_OPTIMIZATION_LEVEL = 0;
				GCC_PREPROCESSOR_DEFINITIONS = (
					"DEBUG=1",
					"$(inherited)",
				);
				GCC_WARN_64_TO_32_BIT_CONVERSION = YES;
				GCC_WARN_ABOUT_RETURN_TYPE = YES_ERROR;
				GCC_WARN_UNDECLARED_SELECTOR = YES;
				GCC_WARN_UNINITIALIZED_AUTOS = YES_AGGRESSIVE;
				GCC_WARN_UNUSED_FUNCTION = YES;
				GCC_WARN_UNUSED_VARIABLE = YES;
				IPHONEOS_DEPLOYMENT_TARGET = 17.0;
				LOCALIZATION_PREFERS_STRING_CATALOGS = YES;
				MTL_ENABLE_DEBUG_INFO = INCLUDE_SOURCE;
				MTL_FAST_MATH = YES;
				ONLY_ACTIVE_ARCH = YES;
				SDKROOT = iphoneos;
				SWIFT_ACTIVE_COMPILATION_CONDITIONS = "DEBUG $(inherited)";
				SWIFT_OPTIMIZATION_LEVEL = "-Onone";
			};
			name = Debug;
		};
		3B76F07B2AF8776C00B2BD1D /* Release */ = {
			isa = XCBuildConfiguration;
			buildSettings = {
				ALWAYS_SEARCH_USER_PATHS = NO;
				ASSETCATALOG_COMPILER_GENERATE_SWIFT_ASSET_SYMBOL_EXTENSIONS = YES;
				CLANG_ANALYZER_NONNULL = YES;
				CLANG_ANALYZER_NUMBER_OBJECT_CONVERSION = YES_AGGRESSIVE;
				CLANG_CXX_LANGUAGE_STANDARD = "gnu++20";
				CLANG_ENABLE_MODULES = YES;
				CLANG_ENABLE_OBJC_ARC = YES;
				CLANG_ENABLE_OBJC_WEAK = YES;
				CLANG_WARN_BLOCK_CAPTURE_AUTORELEASING = YES;
				CLANG_WARN_BOOL_CONVERSION = YES;
				CLANG_WARN_COMMA = YES;
				CLANG_WARN_CONSTANT_CONVERSION = YES;
				CLANG_WARN_DEPRECATED_OBJC_IMPLEMENTATIONS = YES;
				CLANG_WARN_DIRECT_OBJC_ISA_USAGE = YES_ERROR;
				CLANG_WARN_DOCUMENTATION_COMMENTS = YES;
				CLANG_WARN_EMPTY_BODY = YES;
				CLANG_WARN_ENUM_CONVERSION = YES;
				CLANG_WARN_INFINITE_RECURSION = YES;
				CLANG_WARN_INT_CONVERSION = YES;
				CLANG_WARN_NON_LITERAL_NULL_CONVERSION = YES;
				CLANG_WARN_OBJC_IMPLICIT_RETAIN_SELF = YES;
				CLANG_WARN_OBJC_LITERAL_CONVERSION = YES;
				CLANG_WARN_OBJC_ROOT_CLASS = YES_ERROR;
				CLANG_WARN_QUOTED_INCLUDE_IN_FRAMEWORK_HEADER = YES;
				CLANG_WARN_RANGE_LOOP_ANALYSIS = YES;
				CLANG_WARN_STRICT_PROTOTYPES = YES;
				CLANG_WARN_SUSPICIOUS_MOVE = YES;
				CLANG_WARN_UNGUARDED_AVAILABILITY = YES_AGGRESSIVE;
				CLANG_WARN_UNREACHABLE_CODE = YES;
				CLANG_WARN__DUPLICATE_METHOD_MATCH = YES;
				COPY_PHASE_STRIP = NO;
				DEBUG_INFORMATION_FORMAT = "dwarf-with-dsym";
				ENABLE_NS_ASSERTIONS = NO;
				ENABLE_STRICT_OBJC_MSGSEND = YES;
				ENABLE_USER_SCRIPT_SANDBOXING = YES;
				GCC_C_LANGUAGE_STANDARD = gnu17;
				GCC_NO_COMMON_BLOCKS = YES;
				GCC_WARN_64_TO_32_BIT_CONVERSION = YES;
				GCC_WARN_ABOUT_RETURN_TYPE = YES_ERROR;
				GCC_WARN_UNDECLARED_SELECTOR = YES;
				GCC_WARN_UNINITIALIZED_AUTOS = YES_AGGRESSIVE;
				GCC_WARN_UNUSED_FUNCTION = YES;
				GCC_WARN_UNUSED_VARIABLE = YES;
				IPHONEOS_DEPLOYMENT_TARGET = 17.0;
				LOCALIZATION_PREFERS_STRING_CATALOGS = YES;
				MTL_ENABLE_DEBUG_INFO = NO;
				MTL_FAST_MATH = YES;
				SDKROOT = iphoneos;
				SWIFT_COMPILATION_MODE = wholemodule;
				VALIDATE_PRODUCT = YES;
			};
			name = Release;
		};
		3B76F07D2AF8776C00B2BD1D /* Debug */ = {
			isa = XCBuildConfiguration;
			buildSettings = {
				ASSETCATALOG_COMPILER_APPICON_NAME = AppIcon;
				ASSETCATALOG_COMPILER_GLOBAL_ACCENT_COLOR_NAME = AccentColor;
				CODE_SIGN_STYLE = Automatic;
				CURRENT_PROJECT_VERSION = 1;
				DEVELOPMENT_ASSET_PATHS = "\"SixWeek_Mission/Preview Content\"";
				DEVELOPMENT_TEAM = SN5J3DYFX4;
				ENABLE_PREVIEWS = YES;
				GENERATE_INFOPLIST_FILE = YES;
				INFOPLIST_KEY_UIApplicationSceneManifest_Generation = YES;
				INFOPLIST_KEY_UIApplicationSupportsIndirectInputEvents = YES;
				INFOPLIST_KEY_UILaunchScreen_Generation = YES;
				INFOPLIST_KEY_UISupportedInterfaceOrientations_iPad = "UIInterfaceOrientationPortrait UIInterfaceOrientationPortraitUpsideDown UIInterfaceOrientationLandscapeLeft UIInterfaceOrientationLandscapeRight";
				INFOPLIST_KEY_UISupportedInterfaceOrientations_iPhone = "UIInterfaceOrientationPortrait UIInterfaceOrientationLandscapeLeft UIInterfaceOrientationLandscapeRight";
				LD_RUNPATH_SEARCH_PATHS = (
					"$(inherited)",
					"@executable_path/Frameworks",
				);
				MARKETING_VERSION = 1.0;
				PRODUCT_BUNDLE_IDENTIFIER = "JJ.SixWeek-Mission";
				PRODUCT_NAME = "$(TARGET_NAME)";
				SWIFT_EMIT_LOC_STRINGS = YES;
				SWIFT_VERSION = 5.0;
				TARGETED_DEVICE_FAMILY = "1,2";
			};
			name = Debug;
		};
		3B76F07E2AF8776C00B2BD1D /* Release */ = {
			isa = XCBuildConfiguration;
			buildSettings = {
				ASSETCATALOG_COMPILER_APPICON_NAME = AppIcon;
				ASSETCATALOG_COMPILER_GLOBAL_ACCENT_COLOR_NAME = AccentColor;
				CODE_SIGN_STYLE = Automatic;
				CURRENT_PROJECT_VERSION = 1;
				DEVELOPMENT_ASSET_PATHS = "\"SixWeek_Mission/Preview Content\"";
				DEVELOPMENT_TEAM = SN5J3DYFX4;
				ENABLE_PREVIEWS = YES;
				GENERATE_INFOPLIST_FILE = YES;
				INFOPLIST_KEY_UIApplicationSceneManifest_Generation = YES;
				INFOPLIST_KEY_UIApplicationSupportsIndirectInputEvents = YES;
				INFOPLIST_KEY_UILaunchScreen_Generation = YES;
				INFOPLIST_KEY_UISupportedInterfaceOrientations_iPad = "UIInterfaceOrientationPortrait UIInterfaceOrientationPortraitUpsideDown UIInterfaceOrientationLandscapeLeft UIInterfaceOrientationLandscapeRight";
				INFOPLIST_KEY_UISupportedInterfaceOrientations_iPhone = "UIInterfaceOrientationPortrait UIInterfaceOrientationLandscapeLeft UIInterfaceOrientationLandscapeRight";
				LD_RUNPATH_SEARCH_PATHS = (
					"$(inherited)",
					"@executable_path/Frameworks",
				);
				MARKETING_VERSION = 1.0;
				PRODUCT_BUNDLE_IDENTIFIER = "JJ.SixWeek-Mission";
				PRODUCT_NAME = "$(TARGET_NAME)";
				SWIFT_EMIT_LOC_STRINGS = YES;
				SWIFT_VERSION = 5.0;
				TARGETED_DEVICE_FAMILY = "1,2";
			};
			name = Release;
		};
/* End XCBuildConfiguration section */

/* Begin XCConfigurationList section */
		3B76F0692AF8776A00B2BD1D /* Build configuration list for PBXProject "SixWeek_Mission" */ = {
			isa = XCConfigurationList;
			buildConfigurations = (
				3B76F07A2AF8776C00B2BD1D /* Debug */,
				3B76F07B2AF8776C00B2BD1D /* Release */,
			);
			defaultConfigurationIsVisible = 0;
			defaultConfigurationName = Release;
		};
		3B76F07C2AF8776C00B2BD1D /* Build configuration list for PBXNativeTarget "SixWeek_Mission" */ = {
			isa = XCConfigurationList;
			buildConfigurations = (
				3B76F07D2AF8776C00B2BD1D /* Debug */,
				3B76F07E2AF8776C00B2BD1D /* Release */,
			);
			defaultConfigurationIsVisible = 0;
			defaultConfigurationName = Release;
		};
/* End XCConfigurationList section */
	};
	rootObject = 3B76F0662AF8776A00B2BD1D /* Project object */;
}
